// !$*UTF8*$!
{
	archiveVersion = 1;
	classes = {
	};
	objectVersion = 46;
	objects = {

/* Begin PBXBuildFile section */
		663BF5BA158731FA0066B814 /* Default.png in Resources */ = {isa = PBXBuildFile; fileRef = 663BF587158731FA0066B814 /* Default.png */; };
		663BF5BB158731FA0066B814 /* Default@2x.png in Resources */ = {isa = PBXBuildFile; fileRef = 663BF588158731FA0066B814 /* Default@2x.png */; };
		663BF5BC158731FA0066B814 /* Icon-72.png in Resources */ = {isa = PBXBuildFile; fileRef = 663BF589158731FA0066B814 /* Icon-72.png */; };
		663BF5BD158731FA0066B814 /* Icon-Small-50.png in Resources */ = {isa = PBXBuildFile; fileRef = 663BF58A158731FA0066B814 /* Icon-Small-50.png */; };
		663BF5BE158731FA0066B814 /* Icon-Small.png in Resources */ = {isa = PBXBuildFile; fileRef = 663BF58B158731FA0066B814 /* Icon-Small.png */; };
		663BF5BF158731FA0066B814 /* Icon-Small@2x.png in Resources */ = {isa = PBXBuildFile; fileRef = 663BF58C158731FA0066B814 /* Icon-Small@2x.png */; };
		663BF5C0158731FA0066B814 /* Icon.png in Resources */ = {isa = PBXBuildFile; fileRef = 663BF58D158731FA0066B814 /* Icon.png */; };
		663BF5C1158731FA0066B814 /* Icon@2x.png in Resources */ = {isa = PBXBuildFile; fileRef = 663BF58E158731FA0066B814 /* Icon@2x.png */; };
		66BACC9E15853D1800B0B481 /* NITableViewModel.m in Sources */ = {isa = PBXBuildFile; fileRef = 66BACC9015853D1800B0B481 /* NITableViewModel.m */; };
		66BACC9F15853D1800B0B481 /* NICellCatalog.m in Sources */ = {isa = PBXBuildFile; fileRef = 66BACC9315853D1800B0B481 /* NICellCatalog.m */; };
		66BACCA015853D1800B0B481 /* NIFormCellCatalog.m in Sources */ = {isa = PBXBuildFile; fileRef = 66BACC9515853D1800B0B481 /* NIFormCellCatalog.m */; };
		66BACCA115853D1800B0B481 /* NICellFactory.m in Sources */ = {isa = PBXBuildFile; fileRef = 66BACC9715853D1800B0B481 /* NICellFactory.m */; };
		66BACCA215853D1800B0B481 /* NIRadioGroup.m in Sources */ = {isa = PBXBuildFile; fileRef = 66BACC9915853D1800B0B481 /* NIRadioGroup.m */; };
		66BACCA315853D1800B0B481 /* NIRadioGroupController.m in Sources */ = {isa = PBXBuildFile; fileRef = 66BACC9B15853D1800B0B481 /* NIRadioGroupController.m */; };
		66BACCA415853D1800B0B481 /* NITableViewActions.m in Sources */ = {isa = PBXBuildFile; fileRef = 66BACC9D15853D1800B0B481 /* NITableViewActions.m */; };
		DB1867771407FB0A002DEA82 /* UnderlineViewController.m in Sources */ = {isa = PBXBuildFile; fileRef = DB1867761407FB0A002DEA82 /* UnderlineViewController.m */; };
		DB1867791407FB9F002DEA82 /* UnderlineView.xib in Resources */ = {isa = PBXBuildFile; fileRef = DB1867781407FB9F002DEA82 /* UnderlineView.xib */; };
		DB530FDD1407EE7900BCB9E7 /* RootViewController.m in Sources */ = {isa = PBXBuildFile; fileRef = DB530FDC1407EE7900BCB9E7 /* RootViewController.m */; };
		DB6A04871403F02D0020F7FD /* UIKit.framework in Frameworks */ = {isa = PBXBuildFile; fileRef = DB6A04861403F02D0020F7FD /* UIKit.framework */; };
		DB6A04891403F02D0020F7FD /* Foundation.framework in Frameworks */ = {isa = PBXBuildFile; fileRef = DB6A04881403F02D0020F7FD /* Foundation.framework */; };
		DB6A048B1403F02D0020F7FD /* CoreGraphics.framework in Frameworks */ = {isa = PBXBuildFile; fileRef = DB6A048A1403F02D0020F7FD /* CoreGraphics.framework */; };
		DB6A048E1403F02D0020F7FD /* BasicAttributedLabel_Prefix.pch in Resources */ = {isa = PBXBuildFile; fileRef = DB6A048D1403F02D0020F7FD /* BasicAttributedLabel_Prefix.pch */; };
		DB6A04921403F02E0020F7FD /* AppDelegate.m in Sources */ = {isa = PBXBuildFile; fileRef = DB6A04911403F02E0020F7FD /* AppDelegate.m */; };
		DB6A04941403F02E0020F7FD /* main.m in Sources */ = {isa = PBXBuildFile; fileRef = DB6A04931403F02E0020F7FD /* main.m */; };
		DB6A04C91403F08D0020F7FD /* NICommonMetrics.m in Sources */ = {isa = PBXBuildFile; fileRef = DB6A04A51403F08D0020F7FD /* NICommonMetrics.m */; };
		DB6A04CA1403F08D0020F7FD /* NIDataStructures.m in Sources */ = {isa = PBXBuildFile; fileRef = DB6A04A71403F08D0020F7FD /* NIDataStructures.m */; };
		DB6A04CB1403F08D0020F7FD /* NIDebuggingTools.m in Sources */ = {isa = PBXBuildFile; fileRef = DB6A04A91403F08D0020F7FD /* NIDebuggingTools.m */; };
		DB6A04CC1403F08D0020F7FD /* NIDeviceOrientation.m in Sources */ = {isa = PBXBuildFile; fileRef = DB6A04AB1403F08D0020F7FD /* NIDeviceOrientation.m */; };
		DB6A04CD1403F08D0020F7FD /* NIError.m in Sources */ = {isa = PBXBuildFile; fileRef = DB6A04AD1403F08D0020F7FD /* NIError.m */; };
		DB6A04CE1403F08D0020F7FD /* NIFoundationMethods.m in Sources */ = {isa = PBXBuildFile; fileRef = DB6A04AF1403F08D0020F7FD /* NIFoundationMethods.m */; };
		DB6A04CF1403F08D0020F7FD /* NIInMemoryCache.m in Sources */ = {isa = PBXBuildFile; fileRef = DB6A04B11403F08D0020F7FD /* NIInMemoryCache.m */; };
		DB6A04D01403F08D0020F7FD /* NINetworkActivity.m in Sources */ = {isa = PBXBuildFile; fileRef = DB6A04B51403F08D0020F7FD /* NINetworkActivity.m */; };
		DB6A04D11403F08D0020F7FD /* NINonEmptyCollectionTesting.m in Sources */ = {isa = PBXBuildFile; fileRef = DB6A04B71403F08D0020F7FD /* NINonEmptyCollectionTesting.m */; };
		DB6A04D21403F08D0020F7FD /* NINonRetainingCollections.m in Sources */ = {isa = PBXBuildFile; fileRef = DB6A04B91403F08D0020F7FD /* NINonRetainingCollections.m */; };
		DB6A04D31403F08D0020F7FD /* NIOperations.m in Sources */ = {isa = PBXBuildFile; fileRef = DB6A04BB1403F08D0020F7FD /* NIOperations.m */; };
		DB6A04D41403F08D0020F7FD /* NIPaths.m in Sources */ = {isa = PBXBuildFile; fileRef = DB6A04BD1403F08D0020F7FD /* NIPaths.m */; };
		DB6A04D51403F08D0020F7FD /* NIRuntimeClassModifications.m in Sources */ = {isa = PBXBuildFile; fileRef = DB6A04C01403F08D0020F7FD /* NIRuntimeClassModifications.m */; };
		DB6A04D61403F08D0020F7FD /* NISDKAvailability.m in Sources */ = {isa = PBXBuildFile; fileRef = DB6A04C21403F08D0020F7FD /* NISDKAvailability.m */; };
		DB6A04D71403F08D0020F7FD /* NIState.m in Sources */ = {isa = PBXBuildFile; fileRef = DB6A04C41403F08D0020F7FD /* NIState.m */; };
		DB6A04D81403F08D0020F7FD /* NSData+NimbusCore.m in Sources */ = {isa = PBXBuildFile; fileRef = DB6A04C61403F08D0020F7FD /* NSData+NimbusCore.m */; };
		DB6A04D91403F08D0020F7FD /* NSString+NimbusCore.m in Sources */ = {isa = PBXBuildFile; fileRef = DB6A04C81403F08D0020F7FD /* NSString+NimbusCore.m */; };
		DB6A04DD1403F09E0020F7FD /* NIAttributedLabel.m in Sources */ = {isa = PBXBuildFile; fileRef = DB6A04DB1403F09E0020F7FD /* NIAttributedLabel.m */; };
		DB6A04DF1403F0BC0020F7FD /* CoreText.framework in Frameworks */ = {isa = PBXBuildFile; fileRef = DB6A04DE1403F0BC0020F7FD /* CoreText.framework */; };
		DB6A04E21403F1890020F7FD /* MashupViewController.m in Sources */ = {isa = PBXBuildFile; fileRef = DB6A04E11403F1890020F7FD /* MashupViewController.m */; };
		DB6A04E61403F2780020F7FD /* MashupView.xib in Resources */ = {isa = PBXBuildFile; fileRef = DB6A04E51403F2780020F7FD /* MashupView.xib */; };
		DB6AADFA1407A82F0003CB63 /* NSAttributedString+NimbusAttributedLabel.m in Sources */ = {isa = PBXBuildFile; fileRef = DB6AADF91407A82F0003CB63 /* NSAttributedString+NimbusAttributedLabel.m */; };
/* End PBXBuildFile section */

/* Begin PBXFileReference section */
		663BF587158731FA0066B814 /* Default.png */ = {isa = PBXFileReference; lastKnownFileType = image.png; name = Default.png; path = ../../../../src/resources/Default.png; sourceTree = "<group>"; };
		663BF588158731FA0066B814 /* Default@2x.png */ = {isa = PBXFileReference; lastKnownFileType = image.png; name = "Default@2x.png"; path = "../../../../src/resources/Default@2x.png"; sourceTree = "<group>"; };
		663BF589158731FA0066B814 /* Icon-72.png */ = {isa = PBXFileReference; lastKnownFileType = image.png; name = "Icon-72.png"; path = "../../../../src/resources/Icon-72.png"; sourceTree = "<group>"; };
		663BF58A158731FA0066B814 /* Icon-Small-50.png */ = {isa = PBXFileReference; lastKnownFileType = image.png; name = "Icon-Small-50.png"; path = "../../../../src/resources/Icon-Small-50.png"; sourceTree = "<group>"; };
		663BF58B158731FA0066B814 /* Icon-Small.png */ = {isa = PBXFileReference; lastKnownFileType = image.png; name = "Icon-Small.png"; path = "../../../../src/resources/Icon-Small.png"; sourceTree = "<group>"; };
		663BF58C158731FA0066B814 /* Icon-Small@2x.png */ = {isa = PBXFileReference; lastKnownFileType = image.png; name = "Icon-Small@2x.png"; path = "../../../../src/resources/Icon-Small@2x.png"; sourceTree = "<group>"; };
		663BF58D158731FA0066B814 /* Icon.png */ = {isa = PBXFileReference; lastKnownFileType = image.png; name = Icon.png; path = ../../../../src/resources/Icon.png; sourceTree = "<group>"; };
		663BF58E158731FA0066B814 /* Icon@2x.png */ = {isa = PBXFileReference; lastKnownFileType = image.png; name = "Icon@2x.png"; path = "../../../../src/resources/Icon@2x.png"; sourceTree = "<group>"; };
		66BACC8D15853D1800B0B481 /* NimbusModels.h */ = {isa = PBXFileReference; fileEncoding = 4; lastKnownFileType = sourcecode.c.h; name = NimbusModels.h; path = ../../../src/models/src/NimbusModels.h; sourceTree = "<group>"; };
		66BACC8E15853D1800B0B481 /* NimbusModels+Namespace.h */ = {isa = PBXFileReference; fileEncoding = 4; lastKnownFileType = sourcecode.c.h; name = "NimbusModels+Namespace.h"; path = "../../../src/models/src/NimbusModels+Namespace.h"; sourceTree = "<group>"; };
		66BACC8F15853D1800B0B481 /* NITableViewModel.h */ = {isa = PBXFileReference; fileEncoding = 4; lastKnownFileType = sourcecode.c.h; name = NITableViewModel.h; path = ../../../src/models/src/NITableViewModel.h; sourceTree = "<group>"; };
		66BACC9015853D1800B0B481 /* NITableViewModel.m */ = {isa = PBXFileReference; fileEncoding = 4; lastKnownFileType = sourcecode.c.objc; name = NITableViewModel.m; path = ../../../src/models/src/NITableViewModel.m; sourceTree = "<group>"; };
		66BACC9115853D1800B0B481 /* NITableViewModel+Private.h */ = {isa = PBXFileReference; fileEncoding = 4; lastKnownFileType = sourcecode.c.h; name = "NITableViewModel+Private.h"; path = "../../../src/models/src/NITableViewModel+Private.h"; sourceTree = "<group>"; };
		66BACC9215853D1800B0B481 /* NICellCatalog.h */ = {isa = PBXFileReference; fileEncoding = 4; lastKnownFileType = sourcecode.c.h; name = NICellCatalog.h; path = ../../../src/models/src/NICellCatalog.h; sourceTree = "<group>"; };
		66BACC9315853D1800B0B481 /* NICellCatalog.m */ = {isa = PBXFileReference; fileEncoding = 4; lastKnownFileType = sourcecode.c.objc; name = NICellCatalog.m; path = ../../../src/models/src/NICellCatalog.m; sourceTree = "<group>"; };
		66BACC9415853D1800B0B481 /* NIFormCellCatalog.h */ = {isa = PBXFileReference; fileEncoding = 4; lastKnownFileType = sourcecode.c.h; name = NIFormCellCatalog.h; path = ../../../src/models/src/NIFormCellCatalog.h; sourceTree = "<group>"; };
		66BACC9515853D1800B0B481 /* NIFormCellCatalog.m */ = {isa = PBXFileReference; fileEncoding = 4; lastKnownFileType = sourcecode.c.objc; name = NIFormCellCatalog.m; path = ../../../src/models/src/NIFormCellCatalog.m; sourceTree = "<group>"; };
		66BACC9615853D1800B0B481 /* NICellFactory.h */ = {isa = PBXFileReference; fileEncoding = 4; lastKnownFileType = sourcecode.c.h; name = NICellFactory.h; path = ../../../src/models/src/NICellFactory.h; sourceTree = "<group>"; };
		66BACC9715853D1800B0B481 /* NICellFactory.m */ = {isa = PBXFileReference; fileEncoding = 4; lastKnownFileType = sourcecode.c.objc; name = NICellFactory.m; path = ../../../src/models/src/NICellFactory.m; sourceTree = "<group>"; };
		66BACC9815853D1800B0B481 /* NIRadioGroup.h */ = {isa = PBXFileReference; fileEncoding = 4; lastKnownFileType = sourcecode.c.h; name = NIRadioGroup.h; path = ../../../src/models/src/NIRadioGroup.h; sourceTree = "<group>"; };
		66BACC9915853D1800B0B481 /* NIRadioGroup.m */ = {isa = PBXFileReference; fileEncoding = 4; lastKnownFileType = sourcecode.c.objc; name = NIRadioGroup.m; path = ../../../src/models/src/NIRadioGroup.m; sourceTree = "<group>"; };
		66BACC9A15853D1800B0B481 /* NIRadioGroupController.h */ = {isa = PBXFileReference; fileEncoding = 4; lastKnownFileType = sourcecode.c.h; name = NIRadioGroupController.h; path = ../../../src/models/src/NIRadioGroupController.h; sourceTree = "<group>"; };
		66BACC9B15853D1800B0B481 /* NIRadioGroupController.m */ = {isa = PBXFileReference; fileEncoding = 4; lastKnownFileType = sourcecode.c.objc; name = NIRadioGroupController.m; path = ../../../src/models/src/NIRadioGroupController.m; sourceTree = "<group>"; };
		66BACC9C15853D1800B0B481 /* NITableViewActions.h */ = {isa = PBXFileReference; fileEncoding = 4; lastKnownFileType = sourcecode.c.h; name = NITableViewActions.h; path = ../../../src/models/src/NITableViewActions.h; sourceTree = "<group>"; };
		66BACC9D15853D1800B0B481 /* NITableViewActions.m */ = {isa = PBXFileReference; fileEncoding = 4; lastKnownFileType = sourcecode.c.objc; name = NITableViewActions.m; path = ../../../src/models/src/NITableViewActions.m; sourceTree = "<group>"; };
		DB1867751407FB0A002DEA82 /* UnderlineViewController.h */ = {isa = PBXFileReference; fileEncoding = 4; lastKnownFileType = sourcecode.c.h; name = UnderlineViewController.h; path = src/UnderlineViewController.h; sourceTree = "<group>"; };
		DB1867761407FB0A002DEA82 /* UnderlineViewController.m */ = {isa = PBXFileReference; fileEncoding = 4; lastKnownFileType = sourcecode.c.objc; name = UnderlineViewController.m; path = src/UnderlineViewController.m; sourceTree = "<group>"; };
		DB1867781407FB9F002DEA82 /* UnderlineView.xib */ = {isa = PBXFileReference; fileEncoding = 4; lastKnownFileType = file.xib; name = UnderlineView.xib; path = resources/UnderlineView.xib; sourceTree = "<group>"; };
		DB530FDB1407EE7900BCB9E7 /* RootViewController.h */ = {isa = PBXFileReference; fileEncoding = 4; lastKnownFileType = sourcecode.c.h; name = RootViewController.h; path = src/RootViewController.h; sourceTree = "<group>"; };
		DB530FDC1407EE7900BCB9E7 /* RootViewController.m */ = {isa = PBXFileReference; fileEncoding = 4; lastKnownFileType = sourcecode.c.objc; name = RootViewController.m; path = src/RootViewController.m; sourceTree = "<group>"; };
		DB6A04821403F02D0020F7FD /* BasicAttributedLabel.app */ = {isa = PBXFileReference; explicitFileType = wrapper.application; includeInIndex = 0; path = BasicAttributedLabel.app; sourceTree = BUILT_PRODUCTS_DIR; };
		DB6A04861403F02D0020F7FD /* UIKit.framework */ = {isa = PBXFileReference; lastKnownFileType = wrapper.framework; name = UIKit.framework; path = System/Library/Frameworks/UIKit.framework; sourceTree = SDKROOT; };
		DB6A04881403F02D0020F7FD /* Foundation.framework */ = {isa = PBXFileReference; lastKnownFileType = wrapper.framework; name = Foundation.framework; path = System/Library/Frameworks/Foundation.framework; sourceTree = SDKROOT; };
		DB6A048A1403F02D0020F7FD /* CoreGraphics.framework */ = {isa = PBXFileReference; lastKnownFileType = wrapper.framework; name = CoreGraphics.framework; path = System/Library/Frameworks/CoreGraphics.framework; sourceTree = SDKROOT; };
		DB6A048D1403F02D0020F7FD /* BasicAttributedLabel_Prefix.pch */ = {isa = PBXFileReference; lastKnownFileType = sourcecode.c.h; name = BasicAttributedLabel_Prefix.pch; path = src/BasicAttributedLabel_Prefix.pch; sourceTree = "<group>"; };
		DB6A04901403F02D0020F7FD /* AppDelegate.h */ = {isa = PBXFileReference; lastKnownFileType = sourcecode.c.h; name = AppDelegate.h; path = src/AppDelegate.h; sourceTree = "<group>"; };
		DB6A04911403F02E0020F7FD /* AppDelegate.m */ = {isa = PBXFileReference; lastKnownFileType = sourcecode.c.objc; name = AppDelegate.m; path = src/AppDelegate.m; sourceTree = "<group>"; };
		DB6A04931403F02E0020F7FD /* main.m */ = {isa = PBXFileReference; lastKnownFileType = sourcecode.c.objc; name = main.m; path = src/main.m; sourceTree = "<group>"; };
		DB6A04961403F02E0020F7FD /* BasicAttributedLabel-Info.plist */ = {isa = PBXFileReference; lastKnownFileType = text.plist.xml; name = "BasicAttributedLabel-Info.plist"; path = "resources/BasicAttributedLabel-Info.plist"; sourceTree = "<group>"; };
		DB6A04A31403F08D0020F7FD /* NIBlocks.h */ = {isa = PBXFileReference; fileEncoding = 4; lastKnownFileType = sourcecode.c.h; name = NIBlocks.h; path = ../../../src/core/src/NIBlocks.h; sourceTree = "<group>"; };
		DB6A04A41403F08D0020F7FD /* NICommonMetrics.h */ = {isa = PBXFileReference; fileEncoding = 4; lastKnownFileType = sourcecode.c.h; name = NICommonMetrics.h; path = ../../../src/core/src/NICommonMetrics.h; sourceTree = "<group>"; };
		DB6A04A51403F08D0020F7FD /* NICommonMetrics.m */ = {isa = PBXFileReference; fileEncoding = 4; lastKnownFileType = sourcecode.c.objc; name = NICommonMetrics.m; path = ../../../src/core/src/NICommonMetrics.m; sourceTree = "<group>"; };
		DB6A04A61403F08D0020F7FD /* NIDataStructures.h */ = {isa = PBXFileReference; fileEncoding = 4; lastKnownFileType = sourcecode.c.h; name = NIDataStructures.h; path = ../../../src/core/src/NIDataStructures.h; sourceTree = "<group>"; };
		DB6A04A71403F08D0020F7FD /* NIDataStructures.m */ = {isa = PBXFileReference; fileEncoding = 4; lastKnownFileType = sourcecode.c.objc; name = NIDataStructures.m; path = ../../../src/core/src/NIDataStructures.m; sourceTree = "<group>"; };
		DB6A04A81403F08D0020F7FD /* NIDebuggingTools.h */ = {isa = PBXFileReference; fileEncoding = 4; lastKnownFileType = sourcecode.c.h; name = NIDebuggingTools.h; path = ../../../src/core/src/NIDebuggingTools.h; sourceTree = "<group>"; };
		DB6A04A91403F08D0020F7FD /* NIDebuggingTools.m */ = {isa = PBXFileReference; fileEncoding = 4; lastKnownFileType = sourcecode.c.objc; name = NIDebuggingTools.m; path = ../../../src/core/src/NIDebuggingTools.m; sourceTree = "<group>"; };
		DB6A04AA1403F08D0020F7FD /* NIDeviceOrientation.h */ = {isa = PBXFileReference; fileEncoding = 4; lastKnownFileType = sourcecode.c.h; name = NIDeviceOrientation.h; path = ../../../src/core/src/NIDeviceOrientation.h; sourceTree = "<group>"; };
		DB6A04AB1403F08D0020F7FD /* NIDeviceOrientation.m */ = {isa = PBXFileReference; fileEncoding = 4; lastKnownFileType = sourcecode.c.objc; name = NIDeviceOrientation.m; path = ../../../src/core/src/NIDeviceOrientation.m; sourceTree = "<group>"; };
		DB6A04AC1403F08D0020F7FD /* NIError.h */ = {isa = PBXFileReference; fileEncoding = 4; lastKnownFileType = sourcecode.c.h; name = NIError.h; path = ../../../src/core/src/NIError.h; sourceTree = "<group>"; };
		DB6A04AD1403F08D0020F7FD /* NIError.m */ = {isa = PBXFileReference; fileEncoding = 4; lastKnownFileType = sourcecode.c.objc; name = NIError.m; path = ../../../src/core/src/NIError.m; sourceTree = "<group>"; };
		DB6A04AE1403F08D0020F7FD /* NIFoundationMethods.h */ = {isa = PBXFileReference; fileEncoding = 4; lastKnownFileType = sourcecode.c.h; name = NIFoundationMethods.h; path = ../../../src/core/src/NIFoundationMethods.h; sourceTree = "<group>"; };
		DB6A04AF1403F08D0020F7FD /* NIFoundationMethods.m */ = {isa = PBXFileReference; fileEncoding = 4; lastKnownFileType = sourcecode.c.objc; name = NIFoundationMethods.m; path = ../../../src/core/src/NIFoundationMethods.m; sourceTree = "<group>"; };
		DB6A04B01403F08D0020F7FD /* NIInMemoryCache.h */ = {isa = PBXFileReference; fileEncoding = 4; lastKnownFileType = sourcecode.c.h; name = NIInMemoryCache.h; path = ../../../src/core/src/NIInMemoryCache.h; sourceTree = "<group>"; };
		DB6A04B11403F08D0020F7FD /* NIInMemoryCache.m */ = {isa = PBXFileReference; fileEncoding = 4; lastKnownFileType = sourcecode.c.objc; name = NIInMemoryCache.m; path = ../../../src/core/src/NIInMemoryCache.m; sourceTree = "<group>"; };
		DB6A04B21403F08D0020F7FD /* NimbusCore.h */ = {isa = PBXFileReference; fileEncoding = 4; lastKnownFileType = sourcecode.c.h; name = NimbusCore.h; path = ../../../src/core/src/NimbusCore.h; sourceTree = "<group>"; };
		DB6A04B31403F08D0020F7FD /* NimbusCore+Additions.h */ = {isa = PBXFileReference; fileEncoding = 4; lastKnownFileType = sourcecode.c.h; name = "NimbusCore+Additions.h"; path = "../../../src/core/src/NimbusCore+Additions.h"; sourceTree = "<group>"; };
		DB6A04B41403F08D0020F7FD /* NINetworkActivity.h */ = {isa = PBXFileReference; fileEncoding = 4; lastKnownFileType = sourcecode.c.h; name = NINetworkActivity.h; path = ../../../src/core/src/NINetworkActivity.h; sourceTree = "<group>"; };
		DB6A04B51403F08D0020F7FD /* NINetworkActivity.m */ = {isa = PBXFileReference; fileEncoding = 4; lastKnownFileType = sourcecode.c.objc; name = NINetworkActivity.m; path = ../../../src/core/src/NINetworkActivity.m; sourceTree = "<group>"; };
		DB6A04B61403F08D0020F7FD /* NINonEmptyCollectionTesting.h */ = {isa = PBXFileReference; fileEncoding = 4; lastKnownFileType = sourcecode.c.h; name = NINonEmptyCollectionTesting.h; path = ../../../src/core/src/NINonEmptyCollectionTesting.h; sourceTree = "<group>"; };
		DB6A04B71403F08D0020F7FD /* NINonEmptyCollectionTesting.m */ = {isa = PBXFileReference; fileEncoding = 4; lastKnownFileType = sourcecode.c.objc; name = NINonEmptyCollectionTesting.m; path = ../../../src/core/src/NINonEmptyCollectionTesting.m; sourceTree = "<group>"; };
		DB6A04B81403F08D0020F7FD /* NINonRetainingCollections.h */ = {isa = PBXFileReference; fileEncoding = 4; lastKnownFileType = sourcecode.c.h; name = NINonRetainingCollections.h; path = ../../../src/core/src/NINonRetainingCollections.h; sourceTree = "<group>"; };
		DB6A04B91403F08D0020F7FD /* NINonRetainingCollections.m */ = {isa = PBXFileReference; fileEncoding = 4; lastKnownFileType = sourcecode.c.objc; name = NINonRetainingCollections.m; path = ../../../src/core/src/NINonRetainingCollections.m; sourceTree = "<group>"; };
		DB6A04BA1403F08D0020F7FD /* NIOperations.h */ = {isa = PBXFileReference; fileEncoding = 4; lastKnownFileType = sourcecode.c.h; name = NIOperations.h; path = ../../../src/core/src/NIOperations.h; sourceTree = "<group>"; };
		DB6A04BB1403F08D0020F7FD /* NIOperations.m */ = {isa = PBXFileReference; fileEncoding = 4; lastKnownFileType = sourcecode.c.objc; name = NIOperations.m; path = ../../../src/core/src/NIOperations.m; sourceTree = "<group>"; };
		DB6A04BC1403F08D0020F7FD /* NIPaths.h */ = {isa = PBXFileReference; fileEncoding = 4; lastKnownFileType = sourcecode.c.h; name = NIPaths.h; path = ../../../src/core/src/NIPaths.h; sourceTree = "<group>"; };
		DB6A04BD1403F08D0020F7FD /* NIPaths.m */ = {isa = PBXFileReference; fileEncoding = 4; lastKnownFileType = sourcecode.c.objc; name = NIPaths.m; path = ../../../src/core/src/NIPaths.m; sourceTree = "<group>"; };
		DB6A04BE1403F08D0020F7FD /* NIPreprocessorMacros.h */ = {isa = PBXFileReference; fileEncoding = 4; lastKnownFileType = sourcecode.c.h; name = NIPreprocessorMacros.h; path = ../../../src/core/src/NIPreprocessorMacros.h; sourceTree = "<group>"; };
		DB6A04BF1403F08D0020F7FD /* NIRuntimeClassModifications.h */ = {isa = PBXFileReference; fileEncoding = 4; lastKnownFileType = sourcecode.c.h; name = NIRuntimeClassModifications.h; path = ../../../src/core/src/NIRuntimeClassModifications.h; sourceTree = "<group>"; };
		DB6A04C01403F08D0020F7FD /* NIRuntimeClassModifications.m */ = {isa = PBXFileReference; fileEncoding = 4; lastKnownFileType = sourcecode.c.objc; name = NIRuntimeClassModifications.m; path = ../../../src/core/src/NIRuntimeClassModifications.m; sourceTree = "<group>"; };
		DB6A04C11403F08D0020F7FD /* NISDKAvailability.h */ = {isa = PBXFileReference; fileEncoding = 4; lastKnownFileType = sourcecode.c.h; name = NISDKAvailability.h; path = ../../../src/core/src/NISDKAvailability.h; sourceTree = "<group>"; };
		DB6A04C21403F08D0020F7FD /* NISDKAvailability.m */ = {isa = PBXFileReference; fileEncoding = 4; lastKnownFileType = sourcecode.c.objc; name = NISDKAvailability.m; path = ../../../src/core/src/NISDKAvailability.m; sourceTree = "<group>"; };
		DB6A04C31403F08D0020F7FD /* NIState.h */ = {isa = PBXFileReference; fileEncoding = 4; lastKnownFileType = sourcecode.c.h; name = NIState.h; path = ../../../src/core/src/NIState.h; sourceTree = "<group>"; };
		DB6A04C41403F08D0020F7FD /* NIState.m */ = {isa = PBXFileReference; fileEncoding = 4; lastKnownFileType = sourcecode.c.objc; name = NIState.m; path = ../../../src/core/src/NIState.m; sourceTree = "<group>"; };
		DB6A04C51403F08D0020F7FD /* NSData+NimbusCore.h */ = {isa = PBXFileReference; fileEncoding = 4; lastKnownFileType = sourcecode.c.h; name = "NSData+NimbusCore.h"; path = "../../../src/core/src/NSData+NimbusCore.h"; sourceTree = "<group>"; };
		DB6A04C61403F08D0020F7FD /* NSData+NimbusCore.m */ = {isa = PBXFileReference; fileEncoding = 4; lastKnownFileType = sourcecode.c.objc; name = "NSData+NimbusCore.m"; path = "../../../src/core/src/NSData+NimbusCore.m"; sourceTree = "<group>"; };
		DB6A04C71403F08D0020F7FD /* NSString+NimbusCore.h */ = {isa = PBXFileReference; fileEncoding = 4; lastKnownFileType = sourcecode.c.h; name = "NSString+NimbusCore.h"; path = "../../../src/core/src/NSString+NimbusCore.h"; sourceTree = "<group>"; };
		DB6A04C81403F08D0020F7FD /* NSString+NimbusCore.m */ = {isa = PBXFileReference; fileEncoding = 4; lastKnownFileType = sourcecode.c.objc; name = "NSString+NimbusCore.m"; path = "../../../src/core/src/NSString+NimbusCore.m"; sourceTree = "<group>"; };
		DB6A04DA1403F09E0020F7FD /* NIAttributedLabel.h */ = {isa = PBXFileReference; fileEncoding = 4; lastKnownFileType = sourcecode.c.h; name = NIAttributedLabel.h; path = ../../../src/attributedlabel/src/NIAttributedLabel.h; sourceTree = "<group>"; };
		DB6A04DB1403F09E0020F7FD /* NIAttributedLabel.m */ = {isa = PBXFileReference; fileEncoding = 4; lastKnownFileType = sourcecode.c.objc; name = NIAttributedLabel.m; path = ../../../src/attributedlabel/src/NIAttributedLabel.m; sourceTree = "<group>"; };
		DB6A04DC1403F09E0020F7FD /* NimbusAttributedLabel.h */ = {isa = PBXFileReference; fileEncoding = 4; lastKnownFileType = sourcecode.c.h; name = NimbusAttributedLabel.h; path = ../../../src/attributedlabel/src/NimbusAttributedLabel.h; sourceTree = "<group>"; };
		DB6A04DE1403F0BC0020F7FD /* CoreText.framework */ = {isa = PBXFileReference; lastKnownFileType = wrapper.framework; name = CoreText.framework; path = System/Library/Frameworks/CoreText.framework; sourceTree = SDKROOT; };
		DB6A04E01403F1890020F7FD /* MashupViewController.h */ = {isa = PBXFileReference; fileEncoding = 4; lastKnownFileType = sourcecode.c.h; name = MashupViewController.h; path = src/MashupViewController.h; sourceTree = "<group>"; };
		DB6A04E11403F1890020F7FD /* MashupViewController.m */ = {isa = PBXFileReference; fileEncoding = 4; lastKnownFileType = sourcecode.c.objc; name = MashupViewController.m; path = src/MashupViewController.m; sourceTree = "<group>"; };
		DB6A04E51403F2780020F7FD /* MashupView.xib */ = {isa = PBXFileReference; fileEncoding = 4; lastKnownFileType = file.xib; name = MashupView.xib; path = resources/MashupView.xib; sourceTree = "<group>"; };
		DB6AADF81407A82F0003CB63 /* NSAttributedString+NimbusAttributedLabel.h */ = {isa = PBXFileReference; fileEncoding = 4; lastKnownFileType = sourcecode.c.h; name = "NSAttributedString+NimbusAttributedLabel.h"; path = "../../../src/attributedlabel/src/NSAttributedString+NimbusAttributedLabel.h"; sourceTree = "<group>"; };
		DB6AADF91407A82F0003CB63 /* NSAttributedString+NimbusAttributedLabel.m */ = {isa = PBXFileReference; fileEncoding = 4; lastKnownFileType = sourcecode.c.objc; name = "NSAttributedString+NimbusAttributedLabel.m"; path = "../../../src/attributedlabel/src/NSAttributedString+NimbusAttributedLabel.m"; sourceTree = "<group>"; };
/* End PBXFileReference section */

/* Begin PBXFrameworksBuildPhase section */
		DB6A047F1403F02D0020F7FD /* Frameworks */ = {
			isa = PBXFrameworksBuildPhase;
			buildActionMask = 2147483647;
			files = (
				DB6A04DF1403F0BC0020F7FD /* CoreText.framework in Frameworks */,
				DB6A04871403F02D0020F7FD /* UIKit.framework in Frameworks */,
				DB6A04891403F02D0020F7FD /* Foundation.framework in Frameworks */,
				DB6A048B1403F02D0020F7FD /* CoreGraphics.framework in Frameworks */,
			);
			runOnlyForDeploymentPostprocessing = 0;
		};
/* End PBXFrameworksBuildPhase section */

/* Begin PBXGroup section */
		663BF58F158731FA0066B814 /* Resources */ = {
			isa = PBXGroup;
			children = (
				663BF587158731FA0066B814 /* Default.png */,
				663BF588158731FA0066B814 /* Default@2x.png */,
				663BF589158731FA0066B814 /* Icon-72.png */,
				663BF58A158731FA0066B814 /* Icon-Small-50.png */,
				663BF58B158731FA0066B814 /* Icon-Small.png */,
				663BF58C158731FA0066B814 /* Icon-Small@2x.png */,
				663BF58D158731FA0066B814 /* Icon.png */,
				663BF58E158731FA0066B814 /* Icon@2x.png */,
			);
			name = Resources;
			path = ../../models/ModelCatalog/ModelCatalog;
			sourceTree = "<group>";
		};
		DB1867661407F010002DEA82 /* Models */ = {
			isa = PBXGroup;
			children = (
				66BACC8D15853D1800B0B481 /* NimbusModels.h */,
				66BACC8E15853D1800B0B481 /* NimbusModels+Namespace.h */,
				66BACC8F15853D1800B0B481 /* NITableViewModel.h */,
				66BACC9015853D1800B0B481 /* NITableViewModel.m */,
				66BACC9115853D1800B0B481 /* NITableViewModel+Private.h */,
				66BACC9215853D1800B0B481 /* NICellCatalog.h */,
				66BACC9315853D1800B0B481 /* NICellCatalog.m */,
				66BACC9415853D1800B0B481 /* NIFormCellCatalog.h */,
				66BACC9515853D1800B0B481 /* NIFormCellCatalog.m */,
				66BACC9615853D1800B0B481 /* NICellFactory.h */,
				66BACC9715853D1800B0B481 /* NICellFactory.m */,
				66BACC9815853D1800B0B481 /* NIRadioGroup.h */,
				66BACC9915853D1800B0B481 /* NIRadioGroup.m */,
				66BACC9A15853D1800B0B481 /* NIRadioGroupController.h */,
				66BACC9B15853D1800B0B481 /* NIRadioGroupController.m */,
				66BACC9C15853D1800B0B481 /* NITableViewActions.h */,
				66BACC9D15853D1800B0B481 /* NITableViewActions.m */,
			);
			name = Models;
			sourceTree = "<group>";
		};
		DB6A04771403F02D0020F7FD = {
			isa = PBXGroup;
			children = (
				DB6A048C1403F02D0020F7FD /* BasicAttributedLabel */,
				DB6A04A01403F0580020F7FD /* Nimbus */,
				DB6A04851403F02D0020F7FD /* Frameworks */,
				DB6A04831403F02D0020F7FD /* Products */,
			);
			sourceTree = "<group>";
		};
		DB6A04831403F02D0020F7FD /* Products */ = {
			isa = PBXGroup;
			children = (
				DB6A04821403F02D0020F7FD /* BasicAttributedLabel.app */,
			);
			name = Products;
			sourceTree = "<group>";
		};
		DB6A04851403F02D0020F7FD /* Frameworks */ = {
			isa = PBXGroup;
			children = (
				DB6A04DE1403F0BC0020F7FD /* CoreText.framework */,
				DB6A04861403F02D0020F7FD /* UIKit.framework */,
				DB6A04881403F02D0020F7FD /* Foundation.framework */,
				DB6A048A1403F02D0020F7FD /* CoreGraphics.framework */,
			);
			name = Frameworks;
			sourceTree = "<group>";
		};
		DB6A048C1403F02D0020F7FD /* BasicAttributedLabel */ = {
			isa = PBXGroup;
			children = (
				DB6A048D1403F02D0020F7FD /* BasicAttributedLabel_Prefix.pch */,
				DB6A04901403F02D0020F7FD /* AppDelegate.h */,
				DB6A04911403F02E0020F7FD /* AppDelegate.m */,
				DB6A04931403F02E0020F7FD /* main.m */,
				DB6A04E31403F1970020F7FD /* Controllers */,
				DB6A04E41403F1A00020F7FD /* xibs */,
				DB6A04951403F02E0020F7FD /* Resources */,
			);
			path = BasicAttributedLabel;
			sourceTree = "<group>";
		};
		DB6A04951403F02E0020F7FD /* Resources */ = {
			isa = PBXGroup;
			children = (
				DB6A04961403F02E0020F7FD /* BasicAttributedLabel-Info.plist */,
			);
			name = Resources;
			sourceTree = "<group>";
		};
		DB6A04A01403F0580020F7FD /* Nimbus */ = {
			isa = PBXGroup;
			children = (
				663BF58F158731FA0066B814 /* Resources */,
				DB6A04A11403F06D0020F7FD /* Core */,
				DB6A04A21403F0740020F7FD /* Attributed Label */,
				DB1867661407F010002DEA82 /* Models */,
			);
			name = Nimbus;
			sourceTree = "<group>";
		};
		DB6A04A11403F06D0020F7FD /* Core */ = {
			isa = PBXGroup;
			children = (
				DB6A04A31403F08D0020F7FD /* NIBlocks.h */,
				DB6A04A41403F08D0020F7FD /* NICommonMetrics.h */,
				DB6A04A51403F08D0020F7FD /* NICommonMetrics.m */,
				DB6A04A61403F08D0020F7FD /* NIDataStructures.h */,
				DB6A04A71403F08D0020F7FD /* NIDataStructures.m */,
				DB6A04A81403F08D0020F7FD /* NIDebuggingTools.h */,
				DB6A04A91403F08D0020F7FD /* NIDebuggingTools.m */,
				DB6A04AA1403F08D0020F7FD /* NIDeviceOrientation.h */,
				DB6A04AB1403F08D0020F7FD /* NIDeviceOrientation.m */,
				DB6A04AC1403F08D0020F7FD /* NIError.h */,
				DB6A04AD1403F08D0020F7FD /* NIError.m */,
				DB6A04AE1403F08D0020F7FD /* NIFoundationMethods.h */,
				DB6A04AF1403F08D0020F7FD /* NIFoundationMethods.m */,
				DB6A04B01403F08D0020F7FD /* NIInMemoryCache.h */,
				DB6A04B11403F08D0020F7FD /* NIInMemoryCache.m */,
				DB6A04B21403F08D0020F7FD /* NimbusCore.h */,
				DB6A04B31403F08D0020F7FD /* NimbusCore+Additions.h */,
				DB6A04B41403F08D0020F7FD /* NINetworkActivity.h */,
				DB6A04B51403F08D0020F7FD /* NINetworkActivity.m */,
				DB6A04B61403F08D0020F7FD /* NINonEmptyCollectionTesting.h */,
				DB6A04B71403F08D0020F7FD /* NINonEmptyCollectionTesting.m */,
				DB6A04B81403F08D0020F7FD /* NINonRetainingCollections.h */,
				DB6A04B91403F08D0020F7FD /* NINonRetainingCollections.m */,
				DB6A04BA1403F08D0020F7FD /* NIOperations.h */,
				DB6A04BB1403F08D0020F7FD /* NIOperations.m */,
				DB6A04BC1403F08D0020F7FD /* NIPaths.h */,
				DB6A04BD1403F08D0020F7FD /* NIPaths.m */,
				DB6A04BE1403F08D0020F7FD /* NIPreprocessorMacros.h */,
				DB6A04BF1403F08D0020F7FD /* NIRuntimeClassModifications.h */,
				DB6A04C01403F08D0020F7FD /* NIRuntimeClassModifications.m */,
				DB6A04C11403F08D0020F7FD /* NISDKAvailability.h */,
				DB6A04C21403F08D0020F7FD /* NISDKAvailability.m */,
				DB6A04C31403F08D0020F7FD /* NIState.h */,
				DB6A04C41403F08D0020F7FD /* NIState.m */,
				DB6A04C51403F08D0020F7FD /* NSData+NimbusCore.h */,
				DB6A04C61403F08D0020F7FD /* NSData+NimbusCore.m */,
				DB6A04C71403F08D0020F7FD /* NSString+NimbusCore.h */,
				DB6A04C81403F08D0020F7FD /* NSString+NimbusCore.m */,
			);
			name = Core;
			sourceTree = "<group>";
		};
		DB6A04A21403F0740020F7FD /* Attributed Label */ = {
			isa = PBXGroup;
			children = (
				DB6AADF81407A82F0003CB63 /* NSAttributedString+NimbusAttributedLabel.h */,
				DB6AADF91407A82F0003CB63 /* NSAttributedString+NimbusAttributedLabel.m */,
				DB6A04DA1403F09E0020F7FD /* NIAttributedLabel.h */,
				DB6A04DB1403F09E0020F7FD /* NIAttributedLabel.m */,
				DB6A04DC1403F09E0020F7FD /* NimbusAttributedLabel.h */,
			);
			name = "Attributed Label";
			sourceTree = "<group>";
		};
		DB6A04E31403F1970020F7FD /* Controllers */ = {
			isa = PBXGroup;
			children = (
				DB530FDB1407EE7900BCB9E7 /* RootViewController.h */,
				DB530FDC1407EE7900BCB9E7 /* RootViewController.m */,
				DB6A04E01403F1890020F7FD /* MashupViewController.h */,
				DB6A04E11403F1890020F7FD /* MashupViewController.m */,
				DB1867751407FB0A002DEA82 /* UnderlineViewController.h */,
				DB1867761407FB0A002DEA82 /* UnderlineViewController.m */,
			);
			name = Controllers;
			sourceTree = "<group>";
		};
		DB6A04E41403F1A00020F7FD /* xibs */ = {
			isa = PBXGroup;
			children = (
				DB6A04E51403F2780020F7FD /* MashupView.xib */,
				DB1867781407FB9F002DEA82 /* UnderlineView.xib */,
			);
			name = xibs;
			sourceTree = "<group>";
		};
/* End PBXGroup section */

/* Begin PBXNativeTarget section */
		DB6A04811403F02D0020F7FD /* BasicAttributedLabel */ = {
			isa = PBXNativeTarget;
			buildConfigurationList = DB6A04991403F02E0020F7FD /* Build configuration list for PBXNativeTarget "BasicAttributedLabel" */;
			buildPhases = (
				DB6A047E1403F02D0020F7FD /* Sources */,
				DB6A047F1403F02D0020F7FD /* Frameworks */,
				DB6A04801403F02D0020F7FD /* Resources */,
			);
			buildRules = (
			);
			dependencies = (
			);
			name = BasicAttributedLabel;
			productName = BasicAttributedLabel;
			productReference = DB6A04821403F02D0020F7FD /* BasicAttributedLabel.app */;
			productType = "com.apple.product-type.application";
		};
/* End PBXNativeTarget section */

/* Begin PBXProject section */
		DB6A04791403F02D0020F7FD /* Project object */ = {
			isa = PBXProject;
			attributes = {
				LastUpgradeCheck = 0420;
				ORGANIZATIONNAME = "Storm ID Ltd";
			};
			buildConfigurationList = DB6A047C1403F02D0020F7FD /* Build configuration list for PBXProject "BasicAttributedLabel" */;
			compatibilityVersion = "Xcode 3.2";
			developmentRegion = English;
			hasScannedForEncodings = 0;
			knownRegions = (
				en,
			);
			mainGroup = DB6A04771403F02D0020F7FD;
			productRefGroup = DB6A04831403F02D0020F7FD /* Products */;
			projectDirPath = "";
			projectRoot = "";
			targets = (
				DB6A04811403F02D0020F7FD /* BasicAttributedLabel */,
			);
		};
/* End PBXProject section */

/* Begin PBXResourcesBuildPhase section */
		DB6A04801403F02D0020F7FD /* Resources */ = {
			isa = PBXResourcesBuildPhase;
			buildActionMask = 2147483647;
			files = (
				DB6A048E1403F02D0020F7FD /* BasicAttributedLabel_Prefix.pch in Resources */,
				DB6A04E61403F2780020F7FD /* MashupView.xib in Resources */,
				DB1867791407FB9F002DEA82 /* UnderlineView.xib in Resources */,
				663BF5BA158731FA0066B814 /* Default.png in Resources */,
				663BF5BB158731FA0066B814 /* Default@2x.png in Resources */,
				663BF5BC158731FA0066B814 /* Icon-72.png in Resources */,
				663BF5BD158731FA0066B814 /* Icon-Small-50.png in Resources */,
				663BF5BE158731FA0066B814 /* Icon-Small.png in Resources */,
				663BF5BF158731FA0066B814 /* Icon-Small@2x.png in Resources */,
				663BF5C0158731FA0066B814 /* Icon.png in Resources */,
				663BF5C1158731FA0066B814 /* Icon@2x.png in Resources */,
			);
			runOnlyForDeploymentPostprocessing = 0;
		};
/* End PBXResourcesBuildPhase section */

/* Begin PBXSourcesBuildPhase section */
		DB6A047E1403F02D0020F7FD /* Sources */ = {
			isa = PBXSourcesBuildPhase;
			buildActionMask = 2147483647;
			files = (
				DB6A04921403F02E0020F7FD /* AppDelegate.m in Sources */,
				DB6A04941403F02E0020F7FD /* main.m in Sources */,
				DB6A04C91403F08D0020F7FD /* NICommonMetrics.m in Sources */,
				DB6A04CA1403F08D0020F7FD /* NIDataStructures.m in Sources */,
				DB6A04CB1403F08D0020F7FD /* NIDebuggingTools.m in Sources */,
				DB6A04CC1403F08D0020F7FD /* NIDeviceOrientation.m in Sources */,
				DB6A04CD1403F08D0020F7FD /* NIError.m in Sources */,
				DB6A04CE1403F08D0020F7FD /* NIFoundationMethods.m in Sources */,
				DB6A04CF1403F08D0020F7FD /* NIInMemoryCache.m in Sources */,
				DB6A04D01403F08D0020F7FD /* NINetworkActivity.m in Sources */,
				DB6A04D11403F08D0020F7FD /* NINonEmptyCollectionTesting.m in Sources */,
				DB6A04D21403F08D0020F7FD /* NINonRetainingCollections.m in Sources */,
				DB6A04D31403F08D0020F7FD /* NIOperations.m in Sources */,
				DB6A04D41403F08D0020F7FD /* NIPaths.m in Sources */,
				DB6A04D51403F08D0020F7FD /* NIRuntimeClassModifications.m in Sources */,
				DB6A04D61403F08D0020F7FD /* NISDKAvailability.m in Sources */,
				DB6A04D71403F08D0020F7FD /* NIState.m in Sources */,
				DB6A04D81403F08D0020F7FD /* NSData+NimbusCore.m in Sources */,
				DB6A04D91403F08D0020F7FD /* NSString+NimbusCore.m in Sources */,
				DB6A04DD1403F09E0020F7FD /* NIAttributedLabel.m in Sources */,
				DB6A04E21403F1890020F7FD /* MashupViewController.m in Sources */,
				DB6AADFA1407A82F0003CB63 /* NSAttributedString+NimbusAttributedLabel.m in Sources */,
				DB530FDD1407EE7900BCB9E7 /* RootViewController.m in Sources */,
				DB1867771407FB0A002DEA82 /* UnderlineViewController.m in Sources */,
				66BACC9E15853D1800B0B481 /* NITableViewModel.m in Sources */,
				66BACC9F15853D1800B0B481 /* NICellCatalog.m in Sources */,
				66BACCA015853D1800B0B481 /* NIFormCellCatalog.m in Sources */,
				66BACCA115853D1800B0B481 /* NICellFactory.m in Sources */,
				66BACCA215853D1800B0B481 /* NIRadioGroup.m in Sources */,
				66BACCA315853D1800B0B481 /* NIRadioGroupController.m in Sources */,
				66BACCA415853D1800B0B481 /* NITableViewActions.m in Sources */,
			);
			runOnlyForDeploymentPostprocessing = 0;
		};
/* End PBXSourcesBuildPhase section */

/* Begin XCBuildConfiguration section */
		DB6A04971403F02E0020F7FD /* Debug */ = {
			isa = XCBuildConfiguration;
			buildSettings = {
				ARCHS = "$(ARCHS_STANDARD_32_BIT)";
				CLANG_ENABLE_OBJC_ARC = YES;
				"CODE_SIGN_IDENTITY[sdk=iphoneos*]" = "iPhone Developer";
				GCC_C_LANGUAGE_STANDARD = gnu99;
				GCC_OPTIMIZATION_LEVEL = 0;
				GCC_PREPROCESSOR_DEFINITIONS = DEBUG;
				GCC_SYMBOLS_PRIVATE_EXTERN = NO;
				GCC_VERSION = com.apple.compilers.llvmgcc42;
				GCC_WARN_ABOUT_RETURN_TYPE = YES;
				GCC_WARN_UNUSED_VARIABLE = YES;
				IPHONEOS_DEPLOYMENT_TARGET = 4.3;
				SDKROOT = iphoneos;
				TARGETED_DEVICE_FAMILY = "1,2";
			};
			name = Debug;
		};
		DB6A04981403F02E0020F7FD /* Release */ = {
			isa = XCBuildConfiguration;
			buildSettings = {
				ARCHS = "$(ARCHS_STANDARD_32_BIT)";
				CLANG_ENABLE_OBJC_ARC = YES;
				"CODE_SIGN_IDENTITY[sdk=iphoneos*]" = "iPhone Developer";
				GCC_C_LANGUAGE_STANDARD = gnu99;
				GCC_VERSION = com.apple.compilers.llvmgcc42;
				GCC_WARN_ABOUT_RETURN_TYPE = YES;
				GCC_WARN_UNUSED_VARIABLE = YES;
				IPHONEOS_DEPLOYMENT_TARGET = 4.3;
				OTHER_CFLAGS = "-DNS_BLOCK_ASSERTIONS=1";
				SDKROOT = iphoneos;
				TARGETED_DEVICE_FAMILY = "1,2";
			};
			name = Release;
		};
		DB6A049A1403F02E0020F7FD /* Debug */ = {
			isa = XCBuildConfiguration;
			buildSettings = {
				ALWAYS_SEARCH_USER_PATHS = NO;
				COPY_PHASE_STRIP = NO;
				GCC_DYNAMIC_NO_PIC = NO;
				GCC_PRECOMPILE_PREFIX_HEADER = YES;
				GCC_PREFIX_HEADER = BasicAttributedLabel/src/BasicAttributedLabel_Prefix.pch;
				GCC_VERSION = com.apple.compilers.llvm.clang.1_0;
				INFOPLIST_FILE = "BasicAttributedLabel/resources/BasicAttributedLabel-Info.plist";
				PRODUCT_NAME = "$(TARGET_NAME)";
				WRAPPER_EXTENSION = app;
			};
			name = Debug;
		};
		DB6A049B1403F02E0020F7FD /* Release */ = {
			isa = XCBuildConfiguration;
			buildSettings = {
				ALWAYS_SEARCH_USER_PATHS = NO;
				COPY_PHASE_STRIP = YES;
				GCC_PRECOMPILE_PREFIX_HEADER = YES;
				GCC_PREFIX_HEADER = BasicAttributedLabel/src/BasicAttributedLabel_Prefix.pch;
				GCC_VERSION = com.apple.compilers.llvm.clang.1_0;
				INFOPLIST_FILE = "BasicAttributedLabel/resources/BasicAttributedLabel-Info.plist";
				PRODUCT_NAME = "$(TARGET_NAME)";
				VALIDATE_PRODUCT = YES;
				WRAPPER_EXTENSION = app;
			};
			name = Release;
		};
/* End XCBuildConfiguration section */

/* Begin XCConfigurationList section */
		DB6A047C1403F02D0020F7FD /* Build configuration list for PBXProject "BasicAttributedLabel" */ = {
			isa = XCConfigurationList;
			buildConfigurations = (
				DB6A04971403F02E0020F7FD /* Debug */,
				DB6A04981403F02E0020F7FD /* Release */,
			);
			defaultConfigurationIsVisible = 0;
			defaultConfigurationName = Release;
		};
		DB6A04991403F02E0020F7FD /* Build configuration list for PBXNativeTarget "BasicAttributedLabel" */ = {
			isa = XCConfigurationList;
			buildConfigurations = (
				DB6A049A1403F02E0020F7FD /* Debug */,
				DB6A049B1403F02E0020F7FD /* Release */,
			);
			defaultConfigurationIsVisible = 0;
			defaultConfigurationName = Release;
		};
/* End XCConfigurationList section */
	};
	rootObject = DB6A04791403F02D0020F7FD /* Project object */;
}
