// !$*UTF8*$!
{
	archiveVersion = 1;
	classes = {
	};
	objectVersion = 46;
	objects = {

/* Begin PBXBuildFile section */
		6601E33A18B02EBF00E91A07 /* AFHTTPRequestOperation.m in Sources */ = {isa = PBXBuildFile; fileRef = 6601E32818B02EBF00E91A07 /* AFHTTPRequestOperation.m */; };
		6601E33B18B02EBF00E91A07 /* AFHTTPRequestOperationManager.m in Sources */ = {isa = PBXBuildFile; fileRef = 6601E32A18B02EBF00E91A07 /* AFHTTPRequestOperationManager.m */; };
		6601E33C18B02EBF00E91A07 /* AFHTTPSessionManager.m in Sources */ = {isa = PBXBuildFile; fileRef = 6601E32C18B02EBF00E91A07 /* AFHTTPSessionManager.m */; };
		6601E33D18B02EBF00E91A07 /* AFNetworkReachabilityManager.m in Sources */ = {isa = PBXBuildFile; fileRef = 6601E32F18B02EBF00E91A07 /* AFNetworkReachabilityManager.m */; };
		6601E33E18B02EBF00E91A07 /* AFSecurityPolicy.m in Sources */ = {isa = PBXBuildFile; fileRef = 6601E33118B02EBF00E91A07 /* AFSecurityPolicy.m */; };
		6601E33F18B02EBF00E91A07 /* AFURLConnectionOperation.m in Sources */ = {isa = PBXBuildFile; fileRef = 6601E33318B02EBF00E91A07 /* AFURLConnectionOperation.m */; };
		6601E34018B02EBF00E91A07 /* AFURLRequestSerialization.m in Sources */ = {isa = PBXBuildFile; fileRef = 6601E33518B02EBF00E91A07 /* AFURLRequestSerialization.m */; };
		6601E34118B02EBF00E91A07 /* AFURLResponseSerialization.m in Sources */ = {isa = PBXBuildFile; fileRef = 6601E33718B02EBF00E91A07 /* AFURLResponseSerialization.m */; };
		6601E34218B02EBF00E91A07 /* AFURLSessionManager.m in Sources */ = {isa = PBXBuildFile; fileRef = 6601E33918B02EBF00E91A07 /* AFURLSessionManager.m */; };
		6601E34618B02F0700E91A07 /* SystemConfiguration.framework in Frameworks */ = {isa = PBXBuildFile; fileRef = 6601E34518B02F0700E91A07 /* SystemConfiguration.framework */; };
		6601E34718B02F0E00E91A07 /* Security.framework in Frameworks */ = {isa = PBXBuildFile; fileRef = 6601E34318B02EFB00E91A07 /* Security.framework */; };
		663BF6071587339A0066B814 /* Icon-72.png in Resources */ = {isa = PBXBuildFile; fileRef = 663BF5FE1587339A0066B814 /* Icon-72.png */; };
		663BF6081587339A0066B814 /* Icon-Small-50.png in Resources */ = {isa = PBXBuildFile; fileRef = 663BF5FF1587339A0066B814 /* Icon-Small-50.png */; };
		663BF6091587339A0066B814 /* Icon-Small.png in Resources */ = {isa = PBXBuildFile; fileRef = 663BF6001587339A0066B814 /* Icon-Small.png */; };
		663BF60A1587339A0066B814 /* Icon-Small@2x.png in Resources */ = {isa = PBXBuildFile; fileRef = 663BF6011587339A0066B814 /* Icon-Small@2x.png */; };
		663BF60B1587339A0066B814 /* Icon.png in Resources */ = {isa = PBXBuildFile; fileRef = 663BF6021587339A0066B814 /* Icon.png */; };
		663BF60C1587339A0066B814 /* Icon@2x.png in Resources */ = {isa = PBXBuildFile; fileRef = 663BF6031587339A0066B814 /* Icon@2x.png */; };
		664EFB6615598E3D009826AB /* UIActivityIndicatorView+NIStyleable.m in Sources */ = {isa = PBXBuildFile; fileRef = 664EFB6515598E3D009826AB /* UIActivityIndicatorView+NIStyleable.m */; };
		66832D2514421450003E413C /* UIKit.framework in Frameworks */ = {isa = PBXBuildFile; fileRef = 66832D2414421450003E413C /* UIKit.framework */; };
		66832D2714421450003E413C /* Foundation.framework in Frameworks */ = {isa = PBXBuildFile; fileRef = 66832D2614421450003E413C /* Foundation.framework */; };
		66832D2914421450003E413C /* CoreGraphics.framework in Frameworks */ = {isa = PBXBuildFile; fileRef = 66832D2814421450003E413C /* CoreGraphics.framework */; };
		66832D2F14421450003E413C /* InfoPlist.strings in Resources */ = {isa = PBXBuildFile; fileRef = 66832D2D14421450003E413C /* InfoPlist.strings */; };
		66832D3114421450003E413C /* main.m in Sources */ = {isa = PBXBuildFile; fileRef = 66832D3014421450003E413C /* main.m */; };
		66832D3514421450003E413C /* AppDelegate.m in Sources */ = {isa = PBXBuildFile; fileRef = 66832D3414421450003E413C /* AppDelegate.m */; };
		66832D9914421530003E413C /* RootViewController.m in Sources */ = {isa = PBXBuildFile; fileRef = 66832D9814421530003E413C /* RootViewController.m */; };
		66832DD514434FB2003E413C /* NICommonMetrics.m in Sources */ = {isa = PBXBuildFile; fileRef = 66832DAF14434FB2003E413C /* NICommonMetrics.m */; };
		66832DD714434FB2003E413C /* NIDebuggingTools.m in Sources */ = {isa = PBXBuildFile; fileRef = 66832DB314434FB2003E413C /* NIDebuggingTools.m */; };
		66832DD814434FB2003E413C /* NIDeviceOrientation.m in Sources */ = {isa = PBXBuildFile; fileRef = 66832DB514434FB2003E413C /* NIDeviceOrientation.m */; };
		66832DD914434FB2003E413C /* NIError.m in Sources */ = {isa = PBXBuildFile; fileRef = 66832DB714434FB2003E413C /* NIError.m */; };
		66832DDA14434FB2003E413C /* NIFoundationMethods.m in Sources */ = {isa = PBXBuildFile; fileRef = 66832DB914434FB2003E413C /* NIFoundationMethods.m */; };
		66832DDB14434FB2003E413C /* NIInMemoryCache.m in Sources */ = {isa = PBXBuildFile; fileRef = 66832DBB14434FB2003E413C /* NIInMemoryCache.m */; };
		66832DDC14434FB2003E413C /* NINavigationAppearance.m in Sources */ = {isa = PBXBuildFile; fileRef = 66832DBF14434FB2003E413C /* NINavigationAppearance.m */; };
		66832DDD14434FB2003E413C /* NINetworkActivity.m in Sources */ = {isa = PBXBuildFile; fileRef = 66832DC114434FB2003E413C /* NINetworkActivity.m */; };
		66832DDE14434FB2003E413C /* NINonEmptyCollectionTesting.m in Sources */ = {isa = PBXBuildFile; fileRef = 66832DC314434FB2003E413C /* NINonEmptyCollectionTesting.m */; };
		66832DDF14434FB2003E413C /* NINonRetainingCollections.m in Sources */ = {isa = PBXBuildFile; fileRef = 66832DC514434FB2003E413C /* NINonRetainingCollections.m */; };
		66832DE014434FB2003E413C /* NIOperations.m in Sources */ = {isa = PBXBuildFile; fileRef = 66832DC714434FB2003E413C /* NIOperations.m */; };
		66832DE114434FB2003E413C /* NIPaths.m in Sources */ = {isa = PBXBuildFile; fileRef = 66832DC914434FB2003E413C /* NIPaths.m */; };
		66832DE214434FB2003E413C /* NIRuntimeClassModifications.m in Sources */ = {isa = PBXBuildFile; fileRef = 66832DCC14434FB2003E413C /* NIRuntimeClassModifications.m */; };
		66832DE314434FB2003E413C /* NISDKAvailability.m in Sources */ = {isa = PBXBuildFile; fileRef = 66832DCE14434FB2003E413C /* NISDKAvailability.m */; };
		66832DE414434FB2003E413C /* NIState.m in Sources */ = {isa = PBXBuildFile; fileRef = 66832DD014434FB2003E413C /* NIState.m */; };
		66832DFA14434FBE003E413C /* NIDOM.m in Sources */ = {isa = PBXBuildFile; fileRef = 66832DEA14434FBE003E413C /* NIDOM.m */; };
		66832DFB14434FBE003E413C /* NIStylesheet.m in Sources */ = {isa = PBXBuildFile; fileRef = 66832DEC14434FBE003E413C /* NIStylesheet.m */; };
		66832DFC14434FBE003E413C /* NICSSRuleSet.m in Sources */ = {isa = PBXBuildFile; fileRef = 66832DEE14434FBE003E413C /* NICSSRuleSet.m */; };
		66832DFD14434FBE003E413C /* UILabel+NIStyleable.m in Sources */ = {isa = PBXBuildFile; fileRef = 66832DF014434FBE003E413C /* UILabel+NIStyleable.m */; };
		66832DFE14434FBE003E413C /* UIView+NIStyleable.m in Sources */ = {isa = PBXBuildFile; fileRef = 66832DF214434FBE003E413C /* UIView+NIStyleable.m */; };
		66832DFF14434FBE003E413C /* UINavigationBar+NIStyleable.m in Sources */ = {isa = PBXBuildFile; fileRef = 66832DF414434FBE003E413C /* UINavigationBar+NIStyleable.m */; };
		66832E0014434FBE003E413C /* NICSSParser.m in Sources */ = {isa = PBXBuildFile; fileRef = 66832DF614434FBE003E413C /* NICSSParser.m */; };
		66832E0114434FBE003E413C /* CSSTokenizer.m in Sources */ = {isa = PBXBuildFile; fileRef = 66832DF714434FBE003E413C /* CSSTokenizer.m */; };
		66832E0214434FBE003E413C /* CSSTokens.m in Sources */ = {isa = PBXBuildFile; fileRef = 66832DF914434FBE003E413C /* CSSTokens.m */; };
		66832E0A14435A07003E413C /* NIChameleonObserver.m in Sources */ = {isa = PBXBuildFile; fileRef = 66832E0914435A07003E413C /* NIChameleonObserver.m */; };
		66832E1814442D17003E413C /* css in Resources */ = {isa = PBXBuildFile; fileRef = 66832E1714442D17003E413C /* css */; };
		668ECDCB1456438C00455266 /* NIStylesheetCache.m in Sources */ = {isa = PBXBuildFile; fileRef = 668ECDCA1456438C00455266 /* NIStylesheetCache.m */; };
		668ECDCE145656F400455266 /* UIButton+NIStyleable.m in Sources */ = {isa = PBXBuildFile; fileRef = 668ECDCD145656F400455266 /* UIButton+NIStyleable.m */; };
		8BA77A4019468C32005ED95A /* Default.png in Resources */ = {isa = PBXBuildFile; fileRef = 8BA77A3D19468C32005ED95A /* Default.png */; };
		8BA77A4119468C32005ED95A /* Default@2x.png in Resources */ = {isa = PBXBuildFile; fileRef = 8BA77A3E19468C32005ED95A /* Default@2x.png */; };
		8BA77A4219468C32005ED95A /* Default-568h@2x.png in Resources */ = {isa = PBXBuildFile; fileRef = 8BA77A3F19468C32005ED95A /* Default-568h@2x.png */; };
		C743F6E416D1F4EB00A933B7 /* btn_blue_active.png in Resources */ = {isa = PBXBuildFile; fileRef = C743F6E016D1F4EB00A933B7 /* btn_blue_active.png */; };
		C743F6E516D1F4EB00A933B7 /* btn_blue_active@2x.png in Resources */ = {isa = PBXBuildFile; fileRef = C743F6E116D1F4EB00A933B7 /* btn_blue_active@2x.png */; };
		C743F6E616D1F4EB00A933B7 /* btn_blue_inactive.png in Resources */ = {isa = PBXBuildFile; fileRef = C743F6E216D1F4EB00A933B7 /* btn_blue_inactive.png */; };
		C743F6E716D1F4EB00A933B7 /* btn_blue_inactive@2x.png in Resources */ = {isa = PBXBuildFile; fileRef = C743F6E316D1F4EB00A933B7 /* btn_blue_inactive@2x.png */; };
		C743F6F416D29F2500A933B7 /* NIUserInterfaceString.m in Sources */ = {isa = PBXBuildFile; fileRef = C743F6F316D29F2500A933B7 /* NIUserInterfaceString.m */; };
		C7A8793316D7C8EC00A0C23F /* NITextField+NIStyleable.m in Sources */ = {isa = PBXBuildFile; fileRef = C7A8792816D7C8E900A0C23F /* NITextField+NIStyleable.m */; };
		C7A8793416D7C8EC00A0C23F /* UIScrollView+NIStyleable.m in Sources */ = {isa = PBXBuildFile; fileRef = C7A8792A16D7C8EA00A0C23F /* UIScrollView+NIStyleable.m */; };
		C7A8793516D7C8EC00A0C23F /* UISearchBar+NIStyleable.m in Sources */ = {isa = PBXBuildFile; fileRef = C7A8792C16D7C8EB00A0C23F /* UISearchBar+NIStyleable.m */; };
		C7A8793616D7C8EC00A0C23F /* UITableView+NIStyleable.m in Sources */ = {isa = PBXBuildFile; fileRef = C7A8792E16D7C8EB00A0C23F /* UITableView+NIStyleable.m */; };
		C7A8793716D7C8EC00A0C23F /* UITextField+NIStyleable.m in Sources */ = {isa = PBXBuildFile; fileRef = C7A8793016D7C8EC00A0C23F /* UITextField+NIStyleable.m */; };
		C7A8793816D7C8EC00A0C23F /* UIToolbar+NIStyleable.m in Sources */ = {isa = PBXBuildFile; fileRef = C7A8793216D7C8EC00A0C23F /* UIToolbar+NIStyleable.m */; };
		C7B9283F16D2B45A001BF61C /* Localizable.strings in Resources */ = {isa = PBXBuildFile; fileRef = C7B9283D16D2B45A001BF61C /* Localizable.strings */; };
		C7BBC70816DDC2A600833DC9 /* NITextField.m in Sources */ = {isa = PBXBuildFile; fileRef = C7BBC70716DDC2A600833DC9 /* NITextField.m */; };
/* End PBXBuildFile section */

/* Begin PBXFileReference section */
		6601E32718B02EBF00E91A07 /* AFHTTPRequestOperation.h */ = {isa = PBXFileReference; fileEncoding = 4; lastKnownFileType = sourcecode.c.h; path = AFHTTPRequestOperation.h; sourceTree = "<group>"; };
		6601E32818B02EBF00E91A07 /* AFHTTPRequestOperation.m */ = {isa = PBXFileReference; fileEncoding = 4; lastKnownFileType = sourcecode.c.objc; path = AFHTTPRequestOperation.m; sourceTree = "<group>"; };
		6601E32918B02EBF00E91A07 /* AFHTTPRequestOperationManager.h */ = {isa = PBXFileReference; fileEncoding = 4; lastKnownFileType = sourcecode.c.h; path = AFHTTPRequestOperationManager.h; sourceTree = "<group>"; };
		6601E32A18B02EBF00E91A07 /* AFHTTPRequestOperationManager.m */ = {isa = PBXFileReference; fileEncoding = 4; lastKnownFileType = sourcecode.c.objc; path = AFHTTPRequestOperationManager.m; sourceTree = "<group>"; };
		6601E32B18B02EBF00E91A07 /* AFHTTPSessionManager.h */ = {isa = PBXFileReference; fileEncoding = 4; lastKnownFileType = sourcecode.c.h; path = AFHTTPSessionManager.h; sourceTree = "<group>"; };
		6601E32C18B02EBF00E91A07 /* AFHTTPSessionManager.m */ = {isa = PBXFileReference; fileEncoding = 4; lastKnownFileType = sourcecode.c.objc; path = AFHTTPSessionManager.m; sourceTree = "<group>"; };
		6601E32D18B02EBF00E91A07 /* AFNetworking.h */ = {isa = PBXFileReference; fileEncoding = 4; lastKnownFileType = sourcecode.c.h; path = AFNetworking.h; sourceTree = "<group>"; };
		6601E32E18B02EBF00E91A07 /* AFNetworkReachabilityManager.h */ = {isa = PBXFileReference; fileEncoding = 4; lastKnownFileType = sourcecode.c.h; path = AFNetworkReachabilityManager.h; sourceTree = "<group>"; };
		6601E32F18B02EBF00E91A07 /* AFNetworkReachabilityManager.m */ = {isa = PBXFileReference; fileEncoding = 4; lastKnownFileType = sourcecode.c.objc; path = AFNetworkReachabilityManager.m; sourceTree = "<group>"; };
		6601E33018B02EBF00E91A07 /* AFSecurityPolicy.h */ = {isa = PBXFileReference; fileEncoding = 4; lastKnownFileType = sourcecode.c.h; path = AFSecurityPolicy.h; sourceTree = "<group>"; };
		6601E33118B02EBF00E91A07 /* AFSecurityPolicy.m */ = {isa = PBXFileReference; fileEncoding = 4; lastKnownFileType = sourcecode.c.objc; path = AFSecurityPolicy.m; sourceTree = "<group>"; };
		6601E33218B02EBF00E91A07 /* AFURLConnectionOperation.h */ = {isa = PBXFileReference; fileEncoding = 4; lastKnownFileType = sourcecode.c.h; path = AFURLConnectionOperation.h; sourceTree = "<group>"; };
		6601E33318B02EBF00E91A07 /* AFURLConnectionOperation.m */ = {isa = PBXFileReference; fileEncoding = 4; lastKnownFileType = sourcecode.c.objc; path = AFURLConnectionOperation.m; sourceTree = "<group>"; };
		6601E33418B02EBF00E91A07 /* AFURLRequestSerialization.h */ = {isa = PBXFileReference; fileEncoding = 4; lastKnownFileType = sourcecode.c.h; path = AFURLRequestSerialization.h; sourceTree = "<group>"; };
		6601E33518B02EBF00E91A07 /* AFURLRequestSerialization.m */ = {isa = PBXFileReference; fileEncoding = 4; lastKnownFileType = sourcecode.c.objc; path = AFURLRequestSerialization.m; sourceTree = "<group>"; };
		6601E33618B02EBF00E91A07 /* AFURLResponseSerialization.h */ = {isa = PBXFileReference; fileEncoding = 4; lastKnownFileType = sourcecode.c.h; path = AFURLResponseSerialization.h; sourceTree = "<group>"; };
		6601E33718B02EBF00E91A07 /* AFURLResponseSerialization.m */ = {isa = PBXFileReference; fileEncoding = 4; lastKnownFileType = sourcecode.c.objc; path = AFURLResponseSerialization.m; sourceTree = "<group>"; };
		6601E33818B02EBF00E91A07 /* AFURLSessionManager.h */ = {isa = PBXFileReference; fileEncoding = 4; lastKnownFileType = sourcecode.c.h; path = AFURLSessionManager.h; sourceTree = "<group>"; };
		6601E33918B02EBF00E91A07 /* AFURLSessionManager.m */ = {isa = PBXFileReference; fileEncoding = 4; lastKnownFileType = sourcecode.c.objc; path = AFURLSessionManager.m; sourceTree = "<group>"; };
		6601E34318B02EFB00E91A07 /* Security.framework */ = {isa = PBXFileReference; lastKnownFileType = wrapper.framework; name = Security.framework; path = System/Library/Frameworks/Security.framework; sourceTree = SDKROOT; };
		6601E34518B02F0700E91A07 /* SystemConfiguration.framework */ = {isa = PBXFileReference; lastKnownFileType = wrapper.framework; name = SystemConfiguration.framework; path = System/Library/Frameworks/SystemConfiguration.framework; sourceTree = SDKROOT; };
		663BF5FE1587339A0066B814 /* Icon-72.png */ = {isa = PBXFileReference; lastKnownFileType = image.png; path = "Icon-72.png"; sourceTree = "<group>"; };
		663BF5FF1587339A0066B814 /* Icon-Small-50.png */ = {isa = PBXFileReference; lastKnownFileType = image.png; path = "Icon-Small-50.png"; sourceTree = "<group>"; };
		663BF6001587339A0066B814 /* Icon-Small.png */ = {isa = PBXFileReference; lastKnownFileType = image.png; path = "Icon-Small.png"; sourceTree = "<group>"; };
		663BF6011587339A0066B814 /* Icon-Small@2x.png */ = {isa = PBXFileReference; lastKnownFileType = image.png; path = "Icon-Small@2x.png"; sourceTree = "<group>"; };
		663BF6021587339A0066B814 /* Icon.png */ = {isa = PBXFileReference; lastKnownFileType = image.png; path = Icon.png; sourceTree = "<group>"; };
		663BF6031587339A0066B814 /* Icon@2x.png */ = {isa = PBXFileReference; lastKnownFileType = image.png; path = "Icon@2x.png"; sourceTree = "<group>"; };
		664EFB6415598E3D009826AB /* UIActivityIndicatorView+NIStyleable.h */ = {isa = PBXFileReference; fileEncoding = 4; lastKnownFileType = sourcecode.c.h; name = "UIActivityIndicatorView+NIStyleable.h"; path = "../../src/css/src/UIActivityIndicatorView+NIStyleable.h"; sourceTree = "<group>"; };
		664EFB6515598E3D009826AB /* UIActivityIndicatorView+NIStyleable.m */ = {isa = PBXFileReference; fileEncoding = 4; lastKnownFileType = sourcecode.c.objc; name = "UIActivityIndicatorView+NIStyleable.m"; path = "../../src/css/src/UIActivityIndicatorView+NIStyleable.m"; sourceTree = "<group>"; };
		66832D2014421450003E413C /* CSSDemo.app */ = {isa = PBXFileReference; explicitFileType = wrapper.application; includeInIndex = 0; path = CSSDemo.app; sourceTree = BUILT_PRODUCTS_DIR; };
		66832D2414421450003E413C /* UIKit.framework */ = {isa = PBXFileReference; lastKnownFileType = wrapper.framework; name = UIKit.framework; path = System/Library/Frameworks/UIKit.framework; sourceTree = SDKROOT; };
		66832D2614421450003E413C /* Foundation.framework */ = {isa = PBXFileReference; lastKnownFileType = wrapper.framework; name = Foundation.framework; path = System/Library/Frameworks/Foundation.framework; sourceTree = SDKROOT; };
		66832D2814421450003E413C /* CoreGraphics.framework */ = {isa = PBXFileReference; lastKnownFileType = wrapper.framework; name = CoreGraphics.framework; path = System/Library/Frameworks/CoreGraphics.framework; sourceTree = SDKROOT; };
		66832D2C14421450003E413C /* CSSDemo-Info.plist */ = {isa = PBXFileReference; lastKnownFileType = text.plist.xml; path = "CSSDemo-Info.plist"; sourceTree = "<group>"; };
		66832D2E14421450003E413C /* en */ = {isa = PBXFileReference; lastKnownFileType = text.plist.strings; name = en; path = en.lproj/InfoPlist.strings; sourceTree = "<group>"; };
		66832D3014421450003E413C /* main.m */ = {isa = PBXFileReference; lastKnownFileType = sourcecode.c.objc; path = main.m; sourceTree = "<group>"; };
		66832D3214421450003E413C /* CSSDemo-Prefix.pch */ = {isa = PBXFileReference; lastKnownFileType = sourcecode.c.h; path = "CSSDemo-Prefix.pch"; sourceTree = "<group>"; };
		66832D3314421450003E413C /* AppDelegate.h */ = {isa = PBXFileReference; lastKnownFileType = sourcecode.c.h; path = AppDelegate.h; sourceTree = "<group>"; };
		66832D3414421450003E413C /* AppDelegate.m */ = {isa = PBXFileReference; lastKnownFileType = sourcecode.c.objc; path = AppDelegate.m; sourceTree = "<group>"; };
		66832D9714421530003E413C /* RootViewController.h */ = {isa = PBXFileReference; fileEncoding = 4; lastKnownFileType = sourcecode.c.h; path = RootViewController.h; sourceTree = "<group>"; };
		66832D9814421530003E413C /* RootViewController.m */ = {isa = PBXFileReference; fileEncoding = 4; lastKnownFileType = sourcecode.c.objc; path = RootViewController.m; sourceTree = "<group>"; };
		66832DAE14434FB2003E413C /* NICommonMetrics.h */ = {isa = PBXFileReference; fileEncoding = 4; lastKnownFileType = sourcecode.c.h; name = NICommonMetrics.h; path = ../../src/core/src/NICommonMetrics.h; sourceTree = "<group>"; };
		66832DAF14434FB2003E413C /* NICommonMetrics.m */ = {isa = PBXFileReference; fileEncoding = 4; lastKnownFileType = sourcecode.c.objc; name = NICommonMetrics.m; path = ../../src/core/src/NICommonMetrics.m; sourceTree = "<group>"; };
		66832DB014434FB2003E413C /* NIDataStructures.h */ = {isa = PBXFileReference; fileEncoding = 4; lastKnownFileType = sourcecode.c.h; name = NIDataStructures.h; path = ../../src/core/src/NIDataStructures.h; sourceTree = "<group>"; };
		66832DB114434FB2003E413C /* NIDataStructures.m */ = {isa = PBXFileReference; fileEncoding = 4; lastKnownFileType = sourcecode.c.objc; name = NIDataStructures.m; path = ../../src/core/src/NIDataStructures.m; sourceTree = "<group>"; };
		66832DB214434FB2003E413C /* NIDebuggingTools.h */ = {isa = PBXFileReference; fileEncoding = 4; lastKnownFileType = sourcecode.c.h; name = NIDebuggingTools.h; path = ../../src/core/src/NIDebuggingTools.h; sourceTree = "<group>"; };
		66832DB314434FB2003E413C /* NIDebuggingTools.m */ = {isa = PBXFileReference; fileEncoding = 4; lastKnownFileType = sourcecode.c.objc; name = NIDebuggingTools.m; path = ../../src/core/src/NIDebuggingTools.m; sourceTree = "<group>"; };
		66832DB414434FB2003E413C /* NIDeviceOrientation.h */ = {isa = PBXFileReference; fileEncoding = 4; lastKnownFileType = sourcecode.c.h; name = NIDeviceOrientation.h; path = ../../src/core/src/NIDeviceOrientation.h; sourceTree = "<group>"; };
		66832DB514434FB2003E413C /* NIDeviceOrientation.m */ = {isa = PBXFileReference; fileEncoding = 4; lastKnownFileType = sourcecode.c.objc; name = NIDeviceOrientation.m; path = ../../src/core/src/NIDeviceOrientation.m; sourceTree = "<group>"; };
		66832DB614434FB2003E413C /* NIError.h */ = {isa = PBXFileReference; fileEncoding = 4; lastKnownFileType = sourcecode.c.h; name = NIError.h; path = ../../src/core/src/NIError.h; sourceTree = "<group>"; };
		66832DB714434FB2003E413C /* NIError.m */ = {isa = PBXFileReference; fileEncoding = 4; lastKnownFileType = sourcecode.c.objc; name = NIError.m; path = ../../src/core/src/NIError.m; sourceTree = "<group>"; };
		66832DB814434FB2003E413C /* NIFoundationMethods.h */ = {isa = PBXFileReference; fileEncoding = 4; lastKnownFileType = sourcecode.c.h; name = NIFoundationMethods.h; path = ../../src/core/src/NIFoundationMethods.h; sourceTree = "<group>"; };
		66832DB914434FB2003E413C /* NIFoundationMethods.m */ = {isa = PBXFileReference; fileEncoding = 4; lastKnownFileType = sourcecode.c.objc; name = NIFoundationMethods.m; path = ../../src/core/src/NIFoundationMethods.m; sourceTree = "<group>"; };
		66832DBA14434FB2003E413C /* NIInMemoryCache.h */ = {isa = PBXFileReference; fileEncoding = 4; lastKnownFileType = sourcecode.c.h; name = NIInMemoryCache.h; path = ../../src/core/src/NIInMemoryCache.h; sourceTree = "<group>"; };
		66832DBB14434FB2003E413C /* NIInMemoryCache.m */ = {isa = PBXFileReference; fileEncoding = 4; lastKnownFileType = sourcecode.c.objc; name = NIInMemoryCache.m; path = ../../src/core/src/NIInMemoryCache.m; sourceTree = "<group>"; };
		66832DBC14434FB2003E413C /* NimbusCore+Additions.h */ = {isa = PBXFileReference; fileEncoding = 4; lastKnownFileType = sourcecode.c.h; name = "NimbusCore+Additions.h"; path = "../../src/core/src/NimbusCore+Additions.h"; sourceTree = "<group>"; };
		66832DBD14434FB2003E413C /* NimbusCore.h */ = {isa = PBXFileReference; fileEncoding = 4; lastKnownFileType = sourcecode.c.h; name = NimbusCore.h; path = ../../src/core/src/NimbusCore.h; sourceTree = "<group>"; };
		66832DBE14434FB2003E413C /* NINavigationAppearance.h */ = {isa = PBXFileReference; fileEncoding = 4; lastKnownFileType = sourcecode.c.h; name = NINavigationAppearance.h; path = ../../src/core/src/NINavigationAppearance.h; sourceTree = "<group>"; };
		66832DBF14434FB2003E413C /* NINavigationAppearance.m */ = {isa = PBXFileReference; fileEncoding = 4; lastKnownFileType = sourcecode.c.objc; name = NINavigationAppearance.m; path = ../../src/core/src/NINavigationAppearance.m; sourceTree = "<group>"; };
		66832DC014434FB2003E413C /* NINetworkActivity.h */ = {isa = PBXFileReference; fileEncoding = 4; lastKnownFileType = sourcecode.c.h; name = NINetworkActivity.h; path = ../../src/core/src/NINetworkActivity.h; sourceTree = "<group>"; };
		66832DC114434FB2003E413C /* NINetworkActivity.m */ = {isa = PBXFileReference; fileEncoding = 4; lastKnownFileType = sourcecode.c.objc; name = NINetworkActivity.m; path = ../../src/core/src/NINetworkActivity.m; sourceTree = "<group>"; };
		66832DC214434FB2003E413C /* NINonEmptyCollectionTesting.h */ = {isa = PBXFileReference; fileEncoding = 4; lastKnownFileType = sourcecode.c.h; name = NINonEmptyCollectionTesting.h; path = ../../src/core/src/NINonEmptyCollectionTesting.h; sourceTree = "<group>"; };
		66832DC314434FB2003E413C /* NINonEmptyCollectionTesting.m */ = {isa = PBXFileReference; fileEncoding = 4; lastKnownFileType = sourcecode.c.objc; name = NINonEmptyCollectionTesting.m; path = ../../src/core/src/NINonEmptyCollectionTesting.m; sourceTree = "<group>"; };
		66832DC414434FB2003E413C /* NINonRetainingCollections.h */ = {isa = PBXFileReference; fileEncoding = 4; lastKnownFileType = sourcecode.c.h; name = NINonRetainingCollections.h; path = ../../src/core/src/NINonRetainingCollections.h; sourceTree = "<group>"; };
		66832DC514434FB2003E413C /* NINonRetainingCollections.m */ = {isa = PBXFileReference; fileEncoding = 4; lastKnownFileType = sourcecode.c.objc; name = NINonRetainingCollections.m; path = ../../src/core/src/NINonRetainingCollections.m; sourceTree = "<group>"; };
		66832DC614434FB2003E413C /* NIOperations.h */ = {isa = PBXFileReference; fileEncoding = 4; lastKnownFileType = sourcecode.c.h; name = NIOperations.h; path = ../../src/core/src/NIOperations.h; sourceTree = "<group>"; };
		66832DC714434FB2003E413C /* NIOperations.m */ = {isa = PBXFileReference; fileEncoding = 4; lastKnownFileType = sourcecode.c.objc; name = NIOperations.m; path = ../../src/core/src/NIOperations.m; sourceTree = "<group>"; };
		66832DC814434FB2003E413C /* NIPaths.h */ = {isa = PBXFileReference; fileEncoding = 4; lastKnownFileType = sourcecode.c.h; name = NIPaths.h; path = ../../src/core/src/NIPaths.h; sourceTree = "<group>"; };
		66832DC914434FB2003E413C /* NIPaths.m */ = {isa = PBXFileReference; fileEncoding = 4; lastKnownFileType = sourcecode.c.objc; name = NIPaths.m; path = ../../src/core/src/NIPaths.m; sourceTree = "<group>"; };
		66832DCA14434FB2003E413C /* NIPreprocessorMacros.h */ = {isa = PBXFileReference; fileEncoding = 4; lastKnownFileType = sourcecode.c.h; name = NIPreprocessorMacros.h; path = ../../src/core/src/NIPreprocessorMacros.h; sourceTree = "<group>"; };
		66832DCB14434FB2003E413C /* NIRuntimeClassModifications.h */ = {isa = PBXFileReference; fileEncoding = 4; lastKnownFileType = sourcecode.c.h; name = NIRuntimeClassModifications.h; path = ../../src/core/src/NIRuntimeClassModifications.h; sourceTree = "<group>"; };
		66832DCC14434FB2003E413C /* NIRuntimeClassModifications.m */ = {isa = PBXFileReference; fileEncoding = 4; lastKnownFileType = sourcecode.c.objc; name = NIRuntimeClassModifications.m; path = ../../src/core/src/NIRuntimeClassModifications.m; sourceTree = "<group>"; };
		66832DCD14434FB2003E413C /* NISDKAvailability.h */ = {isa = PBXFileReference; fileEncoding = 4; lastKnownFileType = sourcecode.c.h; name = NISDKAvailability.h; path = ../../src/core/src/NISDKAvailability.h; sourceTree = "<group>"; };
		66832DCE14434FB2003E413C /* NISDKAvailability.m */ = {isa = PBXFileReference; fileEncoding = 4; lastKnownFileType = sourcecode.c.objc; name = NISDKAvailability.m; path = ../../src/core/src/NISDKAvailability.m; sourceTree = "<group>"; };
		66832DCF14434FB2003E413C /* NIState.h */ = {isa = PBXFileReference; fileEncoding = 4; lastKnownFileType = sourcecode.c.h; name = NIState.h; path = ../../src/core/src/NIState.h; sourceTree = "<group>"; };
		66832DD014434FB2003E413C /* NIState.m */ = {isa = PBXFileReference; fileEncoding = 4; lastKnownFileType = sourcecode.c.objc; name = NIState.m; path = ../../src/core/src/NIState.m; sourceTree = "<group>"; };
		66832DE714434FBE003E413C /* NimbusCSS.h */ = {isa = PBXFileReference; fileEncoding = 4; lastKnownFileType = sourcecode.c.h; name = NimbusCSS.h; path = ../../src/css/src/NimbusCSS.h; sourceTree = "<group>"; };
		66832DE814434FBE003E413C /* NIStyleable.h */ = {isa = PBXFileReference; fileEncoding = 4; lastKnownFileType = sourcecode.c.h; name = NIStyleable.h; path = ../../src/css/src/NIStyleable.h; sourceTree = "<group>"; };
		66832DE914434FBE003E413C /* NIDOM.h */ = {isa = PBXFileReference; fileEncoding = 4; lastKnownFileType = sourcecode.c.h; name = NIDOM.h; path = ../../src/css/src/NIDOM.h; sourceTree = "<group>"; };
		66832DEA14434FBE003E413C /* NIDOM.m */ = {isa = PBXFileReference; fileEncoding = 4; lastKnownFileType = sourcecode.c.objc; name = NIDOM.m; path = ../../src/css/src/NIDOM.m; sourceTree = "<group>"; };
		66832DEB14434FBE003E413C /* NIStylesheet.h */ = {isa = PBXFileReference; fileEncoding = 4; lastKnownFileType = sourcecode.c.h; name = NIStylesheet.h; path = ../../src/css/src/NIStylesheet.h; sourceTree = "<group>"; };
		66832DEC14434FBE003E413C /* NIStylesheet.m */ = {isa = PBXFileReference; fileEncoding = 4; lastKnownFileType = sourcecode.c.objc; name = NIStylesheet.m; path = ../../src/css/src/NIStylesheet.m; sourceTree = "<group>"; };
		66832DED14434FBE003E413C /* NICSSRuleSet.h */ = {isa = PBXFileReference; fileEncoding = 4; lastKnownFileType = sourcecode.c.h; name = NICSSRuleSet.h; path = ../../src/css/src/NICSSRuleSet.h; sourceTree = "<group>"; };
		66832DEE14434FBE003E413C /* NICSSRuleSet.m */ = {isa = PBXFileReference; fileEncoding = 4; lastKnownFileType = sourcecode.c.objc; name = NICSSRuleSet.m; path = ../../src/css/src/NICSSRuleSet.m; sourceTree = "<group>"; };
		66832DEF14434FBE003E413C /* UILabel+NIStyleable.h */ = {isa = PBXFileReference; fileEncoding = 4; lastKnownFileType = sourcecode.c.h; name = "UILabel+NIStyleable.h"; path = "../../src/css/src/UILabel+NIStyleable.h"; sourceTree = "<group>"; };
		66832DF014434FBE003E413C /* UILabel+NIStyleable.m */ = {isa = PBXFileReference; fileEncoding = 4; lastKnownFileType = sourcecode.c.objc; name = "UILabel+NIStyleable.m"; path = "../../src/css/src/UILabel+NIStyleable.m"; sourceTree = "<group>"; };
		66832DF114434FBE003E413C /* UIView+NIStyleable.h */ = {isa = PBXFileReference; fileEncoding = 4; lastKnownFileType = sourcecode.c.h; name = "UIView+NIStyleable.h"; path = "../../src/css/src/UIView+NIStyleable.h"; sourceTree = "<group>"; };
		66832DF214434FBE003E413C /* UIView+NIStyleable.m */ = {isa = PBXFileReference; fileEncoding = 4; indentWidth = 2; lastKnownFileType = sourcecode.c.objc; name = "UIView+NIStyleable.m"; path = "../../src/css/src/UIView+NIStyleable.m"; sourceTree = "<group>"; tabWidth = 2; };
		66832DF314434FBE003E413C /* UINavigationBar+NIStyleable.h */ = {isa = PBXFileReference; fileEncoding = 4; lastKnownFileType = sourcecode.c.h; name = "UINavigationBar+NIStyleable.h"; path = "../../src/css/src/UINavigationBar+NIStyleable.h"; sourceTree = "<group>"; };
		66832DF414434FBE003E413C /* UINavigationBar+NIStyleable.m */ = {isa = PBXFileReference; fileEncoding = 4; lastKnownFileType = sourcecode.c.objc; name = "UINavigationBar+NIStyleable.m"; path = "../../src/css/src/UINavigationBar+NIStyleable.m"; sourceTree = "<group>"; };
		66832DF514434FBE003E413C /* NICSSParser.h */ = {isa = PBXFileReference; fileEncoding = 4; lastKnownFileType = sourcecode.c.h; name = NICSSParser.h; path = ../../src/css/src/NICSSParser.h; sourceTree = "<group>"; };
		66832DF614434FBE003E413C /* NICSSParser.m */ = {isa = PBXFileReference; fileEncoding = 4; lastKnownFileType = sourcecode.c.objc; name = NICSSParser.m; path = ../../src/css/src/NICSSParser.m; sourceTree = "<group>"; };
		66832DF714434FBE003E413C /* CSSTokenizer.m */ = {isa = PBXFileReference; fileEncoding = 4; lastKnownFileType = sourcecode.c.objc; name = CSSTokenizer.m; path = ../../src/css/src/CSSTokenizer.m; sourceTree = "<group>"; };
		66832DF814434FBE003E413C /* CSSTokens.h */ = {isa = PBXFileReference; fileEncoding = 4; lastKnownFileType = sourcecode.c.h; name = CSSTokens.h; path = ../../src/css/src/CSSTokens.h; sourceTree = "<group>"; };
		66832DF914434FBE003E413C /* CSSTokens.m */ = {isa = PBXFileReference; fileEncoding = 4; lastKnownFileType = sourcecode.c.objc; name = CSSTokens.m; path = ../../src/css/src/CSSTokens.m; sourceTree = "<group>"; };
		66832E0814435A07003E413C /* NIChameleonObserver.h */ = {isa = PBXFileReference; fileEncoding = 4; lastKnownFileType = sourcecode.c.h; name = NIChameleonObserver.h; path = ../../src/css/src/NIChameleonObserver.h; sourceTree = "<group>"; };
		66832E0914435A07003E413C /* NIChameleonObserver.m */ = {isa = PBXFileReference; fileEncoding = 4; lastKnownFileType = sourcecode.c.objc; name = NIChameleonObserver.m; path = ../../src/css/src/NIChameleonObserver.m; sourceTree = "<group>"; };
		66832E1714442D17003E413C /* css */ = {isa = PBXFileReference; lastKnownFileType = folder; name = css; path = resources/css; sourceTree = "<group>"; };
		668ECDC91456438C00455266 /* NIStylesheetCache.h */ = {isa = PBXFileReference; fileEncoding = 4; lastKnownFileType = sourcecode.c.h; name = NIStylesheetCache.h; path = ../../src/css/src/NIStylesheetCache.h; sourceTree = "<group>"; };
		668ECDCA1456438C00455266 /* NIStylesheetCache.m */ = {isa = PBXFileReference; fileEncoding = 4; lastKnownFileType = sourcecode.c.objc; name = NIStylesheetCache.m; path = ../../src/css/src/NIStylesheetCache.m; sourceTree = "<group>"; };
		668ECDCC145656F300455266 /* UIButton+NIStyleable.h */ = {isa = PBXFileReference; fileEncoding = 4; lastKnownFileType = sourcecode.c.h; name = "UIButton+NIStyleable.h"; path = "../../src/css/src/UIButton+NIStyleable.h"; sourceTree = "<group>"; };
		668ECDCD145656F400455266 /* UIButton+NIStyleable.m */ = {isa = PBXFileReference; fileEncoding = 4; lastKnownFileType = sourcecode.c.objc; name = "UIButton+NIStyleable.m"; path = "../../src/css/src/UIButton+NIStyleable.m"; sourceTree = "<group>"; };
		8BA77A3D19468C32005ED95A /* Default.png */ = {isa = PBXFileReference; lastKnownFileType = image.png; path = Default.png; sourceTree = "<group>"; };
		8BA77A3E19468C32005ED95A /* Default@2x.png */ = {isa = PBXFileReference; lastKnownFileType = image.png; path = "Default@2x.png"; sourceTree = "<group>"; };
		8BA77A3F19468C32005ED95A /* Default-568h@2x.png */ = {isa = PBXFileReference; lastKnownFileType = image.png; path = "Default-568h@2x.png"; sourceTree = "<group>"; };
		C743F6E016D1F4EB00A933B7 /* btn_blue_active.png */ = {isa = PBXFileReference; lastKnownFileType = image.png; name = btn_blue_active.png; path = resources/btn_blue_active.png; sourceTree = "<group>"; };
		C743F6E116D1F4EB00A933B7 /* btn_blue_active@2x.png */ = {isa = PBXFileReference; lastKnownFileType = image.png; name = "btn_blue_active@2x.png"; path = "resources/btn_blue_active@2x.png"; sourceTree = "<group>"; };
		C743F6E216D1F4EB00A933B7 /* btn_blue_inactive.png */ = {isa = PBXFileReference; lastKnownFileType = image.png; name = btn_blue_inactive.png; path = resources/btn_blue_inactive.png; sourceTree = "<group>"; };
		C743F6E316D1F4EB00A933B7 /* btn_blue_inactive@2x.png */ = {isa = PBXFileReference; lastKnownFileType = image.png; name = "btn_blue_inactive@2x.png"; path = "resources/btn_blue_inactive@2x.png"; sourceTree = "<group>"; };
		C743F6F316D29F2500A933B7 /* NIUserInterfaceString.m */ = {isa = PBXFileReference; fileEncoding = 4; lastKnownFileType = sourcecode.c.objc; name = NIUserInterfaceString.m; path = ../../src/css/src/NIUserInterfaceString.m; sourceTree = "<group>"; };
		C743F6F516D2AAC200A933B7 /* NIUserInterfaceString.h */ = {isa = PBXFileReference; fileEncoding = 4; lastKnownFileType = sourcecode.c.h; name = NIUserInterfaceString.h; path = ../../src/css/src/NIUserInterfaceString.h; sourceTree = "<group>"; };
		C7A8792716D7C8E900A0C23F /* NITextField+NIStyleable.h */ = {isa = PBXFileReference; fileEncoding = 4; lastKnownFileType = sourcecode.c.h; name = "NITextField+NIStyleable.h"; path = "../../src/css/src/NITextField+NIStyleable.h"; sourceTree = "<group>"; };
		C7A8792816D7C8E900A0C23F /* NITextField+NIStyleable.m */ = {isa = PBXFileReference; fileEncoding = 4; lastKnownFileType = sourcecode.c.objc; name = "NITextField+NIStyleable.m"; path = "../../src/css/src/NITextField+NIStyleable.m"; sourceTree = "<group>"; };
		C7A8792916D7C8EA00A0C23F /* UIScrollView+NIStyleable.h */ = {isa = PBXFileReference; fileEncoding = 4; lastKnownFileType = sourcecode.c.h; name = "UIScrollView+NIStyleable.h"; path = "../../src/css/src/UIScrollView+NIStyleable.h"; sourceTree = "<group>"; };
		C7A8792A16D7C8EA00A0C23F /* UIScrollView+NIStyleable.m */ = {isa = PBXFileReference; fileEncoding = 4; lastKnownFileType = sourcecode.c.objc; name = "UIScrollView+NIStyleable.m"; path = "../../src/css/src/UIScrollView+NIStyleable.m"; sourceTree = "<group>"; };
		C7A8792B16D7C8EA00A0C23F /* UISearchBar+NIStyleable.h */ = {isa = PBXFileReference; fileEncoding = 4; lastKnownFileType = sourcecode.c.h; name = "UISearchBar+NIStyleable.h"; path = "../../src/css/src/UISearchBar+NIStyleable.h"; sourceTree = "<group>"; };
		C7A8792C16D7C8EB00A0C23F /* UISearchBar+NIStyleable.m */ = {isa = PBXFileReference; fileEncoding = 4; lastKnownFileType = sourcecode.c.objc; name = "UISearchBar+NIStyleable.m"; path = "../../src/css/src/UISearchBar+NIStyleable.m"; sourceTree = "<group>"; };
		C7A8792D16D7C8EB00A0C23F /* UITableView+NIStyleable.h */ = {isa = PBXFileReference; fileEncoding = 4; lastKnownFileType = sourcecode.c.h; name = "UITableView+NIStyleable.h"; path = "../../src/css/src/UITableView+NIStyleable.h"; sourceTree = "<group>"; };
		C7A8792E16D7C8EB00A0C23F /* UITableView+NIStyleable.m */ = {isa = PBXFileReference; fileEncoding = 4; lastKnownFileType = sourcecode.c.objc; name = "UITableView+NIStyleable.m"; path = "../../src/css/src/UITableView+NIStyleable.m"; sourceTree = "<group>"; };
		C7A8792F16D7C8EB00A0C23F /* UITextField+NIStyleable.h */ = {isa = PBXFileReference; fileEncoding = 4; lastKnownFileType = sourcecode.c.h; name = "UITextField+NIStyleable.h"; path = "../../src/css/src/UITextField+NIStyleable.h"; sourceTree = "<group>"; };
		C7A8793016D7C8EC00A0C23F /* UITextField+NIStyleable.m */ = {isa = PBXFileReference; fileEncoding = 4; lastKnownFileType = sourcecode.c.objc; name = "UITextField+NIStyleable.m"; path = "../../src/css/src/UITextField+NIStyleable.m"; sourceTree = "<group>"; };
		C7A8793116D7C8EC00A0C23F /* UIToolbar+NIStyleable.h */ = {isa = PBXFileReference; fileEncoding = 4; lastKnownFileType = sourcecode.c.h; name = "UIToolbar+NIStyleable.h"; path = "../../src/css/src/UIToolbar+NIStyleable.h"; sourceTree = "<group>"; };
		C7A8793216D7C8EC00A0C23F /* UIToolbar+NIStyleable.m */ = {isa = PBXFileReference; fileEncoding = 4; lastKnownFileType = sourcecode.c.objc; name = "UIToolbar+NIStyleable.m"; path = "../../src/css/src/UIToolbar+NIStyleable.m"; sourceTree = "<group>"; };
		C7B9283E16D2B45A001BF61C /* en */ = {isa = PBXFileReference; lastKnownFileType = text.plist.strings; name = en; path = resources/en.lproj/Localizable.strings; sourceTree = "<group>"; };
		C7BBC70616DDC2A600833DC9 /* NITextField.h */ = {isa = PBXFileReference; fileEncoding = 4; lastKnownFileType = sourcecode.c.h; name = NITextField.h; path = ../../src/textfield/src/NITextField.h; sourceTree = "<group>"; };
		C7BBC70716DDC2A600833DC9 /* NITextField.m */ = {isa = PBXFileReference; fileEncoding = 4; lastKnownFileType = sourcecode.c.objc; name = NITextField.m; path = ../../src/textfield/src/NITextField.m; sourceTree = "<group>"; };
/* End PBXFileReference section */

/* Begin PBXFrameworksBuildPhase section */
		66832D1D14421450003E413C /* Frameworks */ = {
			isa = PBXFrameworksBuildPhase;
			buildActionMask = 2147483647;
			files = (
				6601E34718B02F0E00E91A07 /* Security.framework in Frameworks */,
				6601E34618B02F0700E91A07 /* SystemConfiguration.framework in Frameworks */,
				66832D2514421450003E413C /* UIKit.framework in Frameworks */,
				66832D2714421450003E413C /* Foundation.framework in Frameworks */,
				66832D2914421450003E413C /* CoreGraphics.framework in Frameworks */,
			);
			runOnlyForDeploymentPostprocessing = 0;
		};
/* End PBXFrameworksBuildPhase section */

/* Begin PBXGroup section */
		663BF6041587339A0066B814 /* Resources */ = {
			isa = PBXGroup;
			children = (
				8BA77A3D19468C32005ED95A /* Default.png */,
				8BA77A3E19468C32005ED95A /* Default@2x.png */,
				8BA77A3F19468C32005ED95A /* Default-568h@2x.png */,
				663BF5FE1587339A0066B814 /* Icon-72.png */,
				663BF5FF1587339A0066B814 /* Icon-Small-50.png */,
				663BF6001587339A0066B814 /* Icon-Small.png */,
				663BF6011587339A0066B814 /* Icon-Small@2x.png */,
				663BF6021587339A0066B814 /* Icon.png */,
				663BF6031587339A0066B814 /* Icon@2x.png */,
			);
			name = Resources;
			path = ../../src/resources;
			sourceTree = "<group>";
		};
		66832D1514421450003E413C = {
			isa = PBXGroup;
			children = (
				66832D2A14421450003E413C /* CSSDemo */,
				66832D40144214CD003E413C /* Nimbus */,
				66D2FE0B15941EEB00B2BEFD /* AFNetworking */,
				66832D2314421450003E413C /* Frameworks */,
				66832D2114421450003E413C /* Products */,
			);
			sourceTree = "<group>";
		};
		66832D2114421450003E413C /* Products */ = {
			isa = PBXGroup;
			children = (
				66832D2014421450003E413C /* CSSDemo.app */,
			);
			name = Products;
			sourceTree = "<group>";
		};
		66832D2314421450003E413C /* Frameworks */ = {
			isa = PBXGroup;
			children = (
				6601E34518B02F0700E91A07 /* SystemConfiguration.framework */,
				6601E34318B02EFB00E91A07 /* Security.framework */,
				66832D2414421450003E413C /* UIKit.framework */,
				66832D2614421450003E413C /* Foundation.framework */,
				66832D2814421450003E413C /* CoreGraphics.framework */,
			);
			name = Frameworks;
			sourceTree = "<group>";
		};
		66832D2A14421450003E413C /* CSSDemo */ = {
			isa = PBXGroup;
			children = (
				66832D3214421450003E413C /* CSSDemo-Prefix.pch */,
				66832D3F14421483003E413C /* Source */,
				66832D2B14421450003E413C /* Resources */,
			);
			path = CSSDemo;
			sourceTree = "<group>";
		};
		66832D2B14421450003E413C /* Resources */ = {
			isa = PBXGroup;
			children = (
				C7B9283D16D2B45A001BF61C /* Localizable.strings */,
				C743F6E016D1F4EB00A933B7 /* btn_blue_active.png */,
				C743F6E116D1F4EB00A933B7 /* btn_blue_active@2x.png */,
				C743F6E216D1F4EB00A933B7 /* btn_blue_inactive.png */,
				C743F6E316D1F4EB00A933B7 /* btn_blue_inactive@2x.png */,
				66832E1714442D17003E413C /* css */,
				66832D2C14421450003E413C /* CSSDemo-Info.plist */,
				66832D2D14421450003E413C /* InfoPlist.strings */,
			);
			name = Resources;
			sourceTree = "<group>";
		};
		66832D3F14421483003E413C /* Source */ = {
			isa = PBXGroup;
			children = (
				66832D961442151B003E413C /* Controllers */,
				66832D3314421450003E413C /* AppDelegate.h */,
				66832D3414421450003E413C /* AppDelegate.m */,
				66832D3014421450003E413C /* main.m */,
			);
			name = Source;
			sourceTree = "<group>";
		};
		66832D40144214CD003E413C /* Nimbus */ = {
			isa = PBXGroup;
			children = (
				C7BBC70516DDC20100833DC9 /* TextField */,
				663BF6041587339A0066B814 /* Resources */,
				66832D41144214DA003E413C /* Core */,
				66832D7C144214EF003E413C /* CSS */,
			);
			name = Nimbus;
			sourceTree = "<group>";
		};
		66832D41144214DA003E413C /* Core */ = {
			isa = PBXGroup;
			children = (
				66832DAE14434FB2003E413C /* NICommonMetrics.h */,
				66832DAF14434FB2003E413C /* NICommonMetrics.m */,
				66832DB014434FB2003E413C /* NIDataStructures.h */,
				66832DB114434FB2003E413C /* NIDataStructures.m */,
				66832DB214434FB2003E413C /* NIDebuggingTools.h */,
				66832DB314434FB2003E413C /* NIDebuggingTools.m */,
				66832DB414434FB2003E413C /* NIDeviceOrientation.h */,
				66832DB514434FB2003E413C /* NIDeviceOrientation.m */,
				66832DB614434FB2003E413C /* NIError.h */,
				66832DB714434FB2003E413C /* NIError.m */,
				66832DB814434FB2003E413C /* NIFoundationMethods.h */,
				66832DB914434FB2003E413C /* NIFoundationMethods.m */,
				66832DBA14434FB2003E413C /* NIInMemoryCache.h */,
				66832DBB14434FB2003E413C /* NIInMemoryCache.m */,
				66832DBC14434FB2003E413C /* NimbusCore+Additions.h */,
				66832DBD14434FB2003E413C /* NimbusCore.h */,
				66832DBE14434FB2003E413C /* NINavigationAppearance.h */,
				66832DBF14434FB2003E413C /* NINavigationAppearance.m */,
				66832DC014434FB2003E413C /* NINetworkActivity.h */,
				66832DC114434FB2003E413C /* NINetworkActivity.m */,
				66832DC214434FB2003E413C /* NINonEmptyCollectionTesting.h */,
				66832DC314434FB2003E413C /* NINonEmptyCollectionTesting.m */,
				66832DC414434FB2003E413C /* NINonRetainingCollections.h */,
				66832DC514434FB2003E413C /* NINonRetainingCollections.m */,
				66832DC614434FB2003E413C /* NIOperations.h */,
				66832DC714434FB2003E413C /* NIOperations.m */,
				66832DC814434FB2003E413C /* NIPaths.h */,
				66832DC914434FB2003E413C /* NIPaths.m */,
				66832DCA14434FB2003E413C /* NIPreprocessorMacros.h */,
				66832DCB14434FB2003E413C /* NIRuntimeClassModifications.h */,
				66832DCC14434FB2003E413C /* NIRuntimeClassModifications.m */,
				66832DCD14434FB2003E413C /* NISDKAvailability.h */,
				66832DCE14434FB2003E413C /* NISDKAvailability.m */,
				66832DCF14434FB2003E413C /* NIState.h */,
				66832DD014434FB2003E413C /* NIState.m */,
			);
			name = Core;
			sourceTree = "<group>";
		};
		66832D7C144214EF003E413C /* CSS */ = {
			isa = PBXGroup;
			children = (
				C7A8792716D7C8E900A0C23F /* NITextField+NIStyleable.h */,
				C7A8792816D7C8E900A0C23F /* NITextField+NIStyleable.m */,
				C7A8792916D7C8EA00A0C23F /* UIScrollView+NIStyleable.h */,
				C7A8792A16D7C8EA00A0C23F /* UIScrollView+NIStyleable.m */,
				C7A8792B16D7C8EA00A0C23F /* UISearchBar+NIStyleable.h */,
				C7A8792C16D7C8EB00A0C23F /* UISearchBar+NIStyleable.m */,
				C7A8792D16D7C8EB00A0C23F /* UITableView+NIStyleable.h */,
				C7A8792E16D7C8EB00A0C23F /* UITableView+NIStyleable.m */,
				C7A8792F16D7C8EB00A0C23F /* UITextField+NIStyleable.h */,
				C7A8793016D7C8EC00A0C23F /* UITextField+NIStyleable.m */,
				C7A8793116D7C8EC00A0C23F /* UIToolbar+NIStyleable.h */,
				C7A8793216D7C8EC00A0C23F /* UIToolbar+NIStyleable.m */,
				66832DE714434FBE003E413C /* NimbusCSS.h */,
				66832DE814434FBE003E413C /* NIStyleable.h */,
				66832DED14434FBE003E413C /* NICSSRuleSet.h */,
				66832DEE14434FBE003E413C /* NICSSRuleSet.m */,
				66832DE914434FBE003E413C /* NIDOM.h */,
				66832DEA14434FBE003E413C /* NIDOM.m */,
				66832DEB14434FBE003E413C /* NIStylesheet.h */,
				66832DEC14434FBE003E413C /* NIStylesheet.m */,
				668ECDC91456438C00455266 /* NIStylesheetCache.h */,
				668ECDCA1456438C00455266 /* NIStylesheetCache.m */,
				664EFB6415598E3D009826AB /* UIActivityIndicatorView+NIStyleable.h */,
				664EFB6515598E3D009826AB /* UIActivityIndicatorView+NIStyleable.m */,
				668ECDCC145656F300455266 /* UIButton+NIStyleable.h */,
				668ECDCD145656F400455266 /* UIButton+NIStyleable.m */,
				66832DEF14434FBE003E413C /* UILabel+NIStyleable.h */,
				66832DF014434FBE003E413C /* UILabel+NIStyleable.m */,
				66832DF114434FBE003E413C /* UIView+NIStyleable.h */,
				66832DF214434FBE003E413C /* UIView+NIStyleable.m */,
				66832DF314434FBE003E413C /* UINavigationBar+NIStyleable.h */,
				66832DF414434FBE003E413C /* UINavigationBar+NIStyleable.m */,
				66832DF514434FBE003E413C /* NICSSParser.h */,
				66832DF614434FBE003E413C /* NICSSParser.m */,
				66832DF714434FBE003E413C /* CSSTokenizer.m */,
				66832DF814434FBE003E413C /* CSSTokens.h */,
				66832DF914434FBE003E413C /* CSSTokens.m */,
				66832E0814435A07003E413C /* NIChameleonObserver.h */,
				66832E0914435A07003E413C /* NIChameleonObserver.m */,
				C743F6F516D2AAC200A933B7 /* NIUserInterfaceString.h */,
				C743F6F316D29F2500A933B7 /* NIUserInterfaceString.m */,
			);
			name = CSS;
			sourceTree = "<group>";
		};
		66832D961442151B003E413C /* Controllers */ = {
			isa = PBXGroup;
			children = (
				66832D9714421530003E413C /* RootViewController.h */,
				66832D9814421530003E413C /* RootViewController.m */,
			);
			name = Controllers;
			sourceTree = "<group>";
		};
		66D2FE0B15941EEB00B2BEFD /* AFNetworking */ = {
			isa = PBXGroup;
			children = (
				6601E32718B02EBF00E91A07 /* AFHTTPRequestOperation.h */,
				6601E32818B02EBF00E91A07 /* AFHTTPRequestOperation.m */,
				6601E32918B02EBF00E91A07 /* AFHTTPRequestOperationManager.h */,
				6601E32A18B02EBF00E91A07 /* AFHTTPRequestOperationManager.m */,
				6601E32B18B02EBF00E91A07 /* AFHTTPSessionManager.h */,
				6601E32C18B02EBF00E91A07 /* AFHTTPSessionManager.m */,
				6601E32D18B02EBF00E91A07 /* AFNetworking.h */,
				6601E32E18B02EBF00E91A07 /* AFNetworkReachabilityManager.h */,
				6601E32F18B02EBF00E91A07 /* AFNetworkReachabilityManager.m */,
				6601E33018B02EBF00E91A07 /* AFSecurityPolicy.h */,
				6601E33118B02EBF00E91A07 /* AFSecurityPolicy.m */,
				6601E33218B02EBF00E91A07 /* AFURLConnectionOperation.h */,
				6601E33318B02EBF00E91A07 /* AFURLConnectionOperation.m */,
				6601E33418B02EBF00E91A07 /* AFURLRequestSerialization.h */,
				6601E33518B02EBF00E91A07 /* AFURLRequestSerialization.m */,
				6601E33618B02EBF00E91A07 /* AFURLResponseSerialization.h */,
				6601E33718B02EBF00E91A07 /* AFURLResponseSerialization.m */,
				6601E33818B02EBF00E91A07 /* AFURLSessionManager.h */,
				6601E33918B02EBF00E91A07 /* AFURLSessionManager.m */,
			);
			name = AFNetworking;
			path = ../../thirdparty/AFNetworking/AFNetworking;
			sourceTree = "<group>";
		};
		C7BBC70516DDC20100833DC9 /* TextField */ = {
			isa = PBXGroup;
			children = (
				C7BBC70616DDC2A600833DC9 /* NITextField.h */,
				C7BBC70716DDC2A600833DC9 /* NITextField.m */,
			);
			name = TextField;
			sourceTree = "<group>";
		};
/* End PBXGroup section */

/* Begin PBXNativeTarget section */
		66832D1F14421450003E413C /* CSSDemo */ = {
			isa = PBXNativeTarget;
			buildConfigurationList = 66832D3814421450003E413C /* Build configuration list for PBXNativeTarget "CSSDemo" */;
			buildPhases = (
				66832D1C14421450003E413C /* Sources */,
				66832D1D14421450003E413C /* Frameworks */,
				66832D1E14421450003E413C /* Resources */,
			);
			buildRules = (
			);
			dependencies = (
			);
			name = CSSDemo;
			productName = CSSDemo;
			productReference = 66832D2014421450003E413C /* CSSDemo.app */;
			productType = "com.apple.product-type.application";
		};
/* End PBXNativeTarget section */

/* Begin PBXProject section */
		66832D1714421450003E413C /* Project object */ = {
			isa = PBXProject;
			attributes = {
				LastUpgradeCheck = 0600;
			};
			buildConfigurationList = 66832D1A14421450003E413C /* Build configuration list for PBXProject "CSSDemo" */;
			compatibilityVersion = "Xcode 3.2";
			developmentRegion = English;
			hasScannedForEncodings = 0;
			knownRegions = (
				en,
			);
			mainGroup = 66832D1514421450003E413C;
			productRefGroup = 66832D2114421450003E413C /* Products */;
			projectDirPath = "";
			projectRoot = "";
			targets = (
				66832D1F14421450003E413C /* CSSDemo */,
			);
		};
/* End PBXProject section */

/* Begin PBXResourcesBuildPhase section */
		66832D1E14421450003E413C /* Resources */ = {
			isa = PBXResourcesBuildPhase;
			buildActionMask = 2147483647;
			files = (
				66832D2F14421450003E413C /* InfoPlist.strings in Resources */,
				66832E1814442D17003E413C /* css in Resources */,
				663BF6071587339A0066B814 /* Icon-72.png in Resources */,
				663BF6081587339A0066B814 /* Icon-Small-50.png in Resources */,
				663BF6091587339A0066B814 /* Icon-Small.png in Resources */,
				663BF60A1587339A0066B814 /* Icon-Small@2x.png in Resources */,
				663BF60B1587339A0066B814 /* Icon.png in Resources */,
				663BF60C1587339A0066B814 /* Icon@2x.png in Resources */,
				C743F6E416D1F4EB00A933B7 /* btn_blue_active.png in Resources */,
				C743F6E516D1F4EB00A933B7 /* btn_blue_active@2x.png in Resources */,
				C743F6E616D1F4EB00A933B7 /* btn_blue_inactive.png in Resources */,
				8BA77A4019468C32005ED95A /* Default.png in Resources */,
				8BA77A4119468C32005ED95A /* Default@2x.png in Resources */,
				8BA77A4219468C32005ED95A /* Default-568h@2x.png in Resources */,
				C743F6E716D1F4EB00A933B7 /* btn_blue_inactive@2x.png in Resources */,
				C7B9283F16D2B45A001BF61C /* Localizable.strings in Resources */,
			);
			runOnlyForDeploymentPostprocessing = 0;
		};
/* End PBXResourcesBuildPhase section */

/* Begin PBXSourcesBuildPhase section */
		66832D1C14421450003E413C /* Sources */ = {
			isa = PBXSourcesBuildPhase;
			buildActionMask = 2147483647;
			files = (
				66832D3114421450003E413C /* main.m in Sources */,
				66832D3514421450003E413C /* AppDelegate.m in Sources */,
				66832D9914421530003E413C /* RootViewController.m in Sources */,
				66832DD514434FB2003E413C /* NICommonMetrics.m in Sources */,
				6601E33F18B02EBF00E91A07 /* AFURLConnectionOperation.m in Sources */,
				66832DD714434FB2003E413C /* NIDebuggingTools.m in Sources */,
				66832DD814434FB2003E413C /* NIDeviceOrientation.m in Sources */,
				66832DD914434FB2003E413C /* NIError.m in Sources */,
				66832DDA14434FB2003E413C /* NIFoundationMethods.m in Sources */,
				6601E34218B02EBF00E91A07 /* AFURLSessionManager.m in Sources */,
				66832DDB14434FB2003E413C /* NIInMemoryCache.m in Sources */,
				6601E33B18B02EBF00E91A07 /* AFHTTPRequestOperationManager.m in Sources */,
				66832DDC14434FB2003E413C /* NINavigationAppearance.m in Sources */,
				66832DDD14434FB2003E413C /* NINetworkActivity.m in Sources */,
				6601E33D18B02EBF00E91A07 /* AFNetworkReachabilityManager.m in Sources */,
				66832DDE14434FB2003E413C /* NINonEmptyCollectionTesting.m in Sources */,
				6601E33A18B02EBF00E91A07 /* AFHTTPRequestOperation.m in Sources */,
				66832DDF14434FB2003E413C /* NINonRetainingCollections.m in Sources */,
				66832DE014434FB2003E413C /* NIOperations.m in Sources */,
				66832DE114434FB2003E413C /* NIPaths.m in Sources */,
				66832DE214434FB2003E413C /* NIRuntimeClassModifications.m in Sources */,
				66832DE314434FB2003E413C /* NISDKAvailability.m in Sources */,
				6601E33E18B02EBF00E91A07 /* AFSecurityPolicy.m in Sources */,
				66832DE414434FB2003E413C /* NIState.m in Sources */,
				66832DFA14434FBE003E413C /* NIDOM.m in Sources */,
				66832DFB14434FBE003E413C /* NIStylesheet.m in Sources */,
				66832DFC14434FBE003E413C /* NICSSRuleSet.m in Sources */,
				66832DFD14434FBE003E413C /* UILabel+NIStyleable.m in Sources */,
				66832DFE14434FBE003E413C /* UIView+NIStyleable.m in Sources */,
				66832DFF14434FBE003E413C /* UINavigationBar+NIStyleable.m in Sources */,
				66832E0014434FBE003E413C /* NICSSParser.m in Sources */,
				66832E0114434FBE003E413C /* CSSTokenizer.m in Sources */,
				66832E0214434FBE003E413C /* CSSTokens.m in Sources */,
				66832E0A14435A07003E413C /* NIChameleonObserver.m in Sources */,
				668ECDCB1456438C00455266 /* NIStylesheetCache.m in Sources */,
				668ECDCE145656F400455266 /* UIButton+NIStyleable.m in Sources */,
				664EFB6615598E3D009826AB /* UIActivityIndicatorView+NIStyleable.m in Sources */,
				6601E33C18B02EBF00E91A07 /* AFHTTPSessionManager.m in Sources */,
				C743F6F416D29F2500A933B7 /* NIUserInterfaceString.m in Sources */,
				C7A8793316D7C8EC00A0C23F /* NITextField+NIStyleable.m in Sources */,
				C7A8793416D7C8EC00A0C23F /* UIScrollView+NIStyleable.m in Sources */,
				C7A8793516D7C8EC00A0C23F /* UISearchBar+NIStyleable.m in Sources */,
				C7A8793616D7C8EC00A0C23F /* UITableView+NIStyleable.m in Sources */,
				C7A8793716D7C8EC00A0C23F /* UITextField+NIStyleable.m in Sources */,
				6601E34018B02EBF00E91A07 /* AFURLRequestSerialization.m in Sources */,
				C7A8793816D7C8EC00A0C23F /* UIToolbar+NIStyleable.m in Sources */,
				6601E34118B02EBF00E91A07 /* AFURLResponseSerialization.m in Sources */,
				C7BBC70816DDC2A600833DC9 /* NITextField.m in Sources */,
			);
			runOnlyForDeploymentPostprocessing = 0;
		};
/* End PBXSourcesBuildPhase section */

/* Begin PBXVariantGroup section */
		66832D2D14421450003E413C /* InfoPlist.strings */ = {
			isa = PBXVariantGroup;
			children = (
				66832D2E14421450003E413C /* en */,
			);
			name = InfoPlist.strings;
			sourceTree = "<group>";
		};
		C7B9283D16D2B45A001BF61C /* Localizable.strings */ = {
			isa = PBXVariantGroup;
			children = (
				C7B9283E16D2B45A001BF61C /* en */,
			);
			name = Localizable.strings;
			sourceTree = "<group>";
		};
/* End PBXVariantGroup section */

/* Begin XCBuildConfiguration section */
		66832D3614421450003E413C /* Debug */ = {
			isa = XCBuildConfiguration;
			buildSettings = {
				ALWAYS_SEARCH_USER_PATHS = NO;
				CLANG_ENABLE_OBJC_ARC = YES;
				CLANG_WARN_BOOL_CONVERSION = YES;
				CLANG_WARN_CONSTANT_CONVERSION = YES;
				CLANG_WARN_EMPTY_BODY = YES;
				CLANG_WARN_ENUM_CONVERSION = YES;
				CLANG_WARN_INT_CONVERSION = YES;
				CLANG_WARN_UNREACHABLE_CODE = YES;
				CLANG_WARN__DUPLICATE_METHOD_MATCH = YES;
				"CODE_SIGN_IDENTITY[sdk=iphoneos*]" = "iPhone Developer";
				COPY_PHASE_STRIP = NO;
				ENABLE_STRICT_OBJC_MSGSEND = YES;
				GCC_C_LANGUAGE_STANDARD = gnu99;
				GCC_DYNAMIC_NO_PIC = NO;
				GCC_OPTIMIZATION_LEVEL = 0;
				GCC_PREPROCESSOR_DEFINITIONS = (
					"DEBUG=1",
					"$(inherited)",
				);
				GCC_SYMBOLS_PRIVATE_EXTERN = NO;
				GCC_VERSION = com.apple.compilers.llvm.clang.1_0;
				GCC_WARN_64_TO_32_BIT_CONVERSION = YES;
				GCC_WARN_ABOUT_MISSING_PROTOTYPES = YES;
				GCC_WARN_ABOUT_RETURN_TYPE = YES;
				GCC_WARN_UNDECLARED_SELECTOR = YES;
				GCC_WARN_UNINITIALIZED_AUTOS = YES;
				GCC_WARN_UNUSED_FUNCTION = YES;
				GCC_WARN_UNUSED_VARIABLE = YES;
				IPHONEOS_DEPLOYMENT_TARGET = 6.0;
				ONLY_ACTIVE_ARCH = YES;
				SDKROOT = iphoneos;
				TARGETED_DEVICE_FAMILY = "1,2";
			};
			name = Debug;
		};
		66832D3714421450003E413C /* Release */ = {
			isa = XCBuildConfiguration;
			buildSettings = {
				ALWAYS_SEARCH_USER_PATHS = NO;
				CLANG_ENABLE_OBJC_ARC = YES;
				CLANG_WARN_BOOL_CONVERSION = YES;
				CLANG_WARN_CONSTANT_CONVERSION = YES;
				CLANG_WARN_EMPTY_BODY = YES;
				CLANG_WARN_ENUM_CONVERSION = YES;
				CLANG_WARN_INT_CONVERSION = YES;
				CLANG_WARN_UNREACHABLE_CODE = YES;
				CLANG_WARN__DUPLICATE_METHOD_MATCH = YES;
				"CODE_SIGN_IDENTITY[sdk=iphoneos*]" = "iPhone Developer";
				COPY_PHASE_STRIP = YES;
				ENABLE_STRICT_OBJC_MSGSEND = YES;
				GCC_C_LANGUAGE_STANDARD = gnu99;
				GCC_VERSION = com.apple.compilers.llvm.clang.1_0;
				GCC_WARN_64_TO_32_BIT_CONVERSION = YES;
				GCC_WARN_ABOUT_MISSING_PROTOTYPES = YES;
				GCC_WARN_ABOUT_RETURN_TYPE = YES;
				GCC_WARN_UNDECLARED_SELECTOR = YES;
				GCC_WARN_UNINITIALIZED_AUTOS = YES;
				GCC_WARN_UNUSED_FUNCTION = YES;
				GCC_WARN_UNUSED_VARIABLE = YES;
				IPHONEOS_DEPLOYMENT_TARGET = 6.0;
				OTHER_CFLAGS = "-DNS_BLOCK_ASSERTIONS=1";
				SDKROOT = iphoneos;
				TARGETED_DEVICE_FAMILY = "1,2";
				VALIDATE_PRODUCT = YES;
			};
			name = Release;
		};
		66832D3914421450003E413C /* Debug */ = {
			isa = XCBuildConfiguration;
			buildSettings = {
				CODE_SIGN_IDENTITY = "iPhone Developer: Jeffrey Verkoeyen (MCEM7RED85)";
				GCC_C_LANGUAGE_STANDARD = c11;
				GCC_PRECOMPILE_PREFIX_HEADER = YES;
				GCC_PREFIX_HEADER = "CSSDemo/CSSDemo-Prefix.pch";
				INFOPLIST_FILE = "CSSDemo/CSSDemo-Info.plist";
				PRODUCT_NAME = "$(TARGET_NAME)";
				PROVISIONING_PROFILE = "06911D0B-8A67-4981-A7DE-12C7A0C08610";
				WRAPPER_EXTENSION = app;
			};
			name = Debug;
		};
		66832D3A14421450003E413C /* Release */ = {
			isa = XCBuildConfiguration;
			buildSettings = {
				CODE_SIGN_IDENTITY = "iPhone Developer: Jeffrey Verkoeyen (MCEM7RED85)";
				GCC_C_LANGUAGE_STANDARD = c11;
				GCC_PRECOMPILE_PREFIX_HEADER = YES;
				GCC_PREFIX_HEADER = "CSSDemo/CSSDemo-Prefix.pch";
				INFOPLIST_FILE = "CSSDemo/CSSDemo-Info.plist";
				PRODUCT_NAME = "$(TARGET_NAME)";
				PROVISIONING_PROFILE = "06911D0B-8A67-4981-A7DE-12C7A0C08610";
				WRAPPER_EXTENSION = app;
			};
			name = Release;
		};
/* End XCBuildConfiguration section */

/* Begin XCConfigurationList section */
		66832D1A14421450003E413C /* Build configuration list for PBXProject "CSSDemo" */ = {
			isa = XCConfigurationList;
			buildConfigurations = (
				66832D3614421450003E413C /* Debug */,
				66832D3714421450003E413C /* Release */,
			);
			defaultConfigurationIsVisible = 0;
			defaultConfigurationName = Release;
		};
		66832D3814421450003E413C /* Build configuration list for PBXNativeTarget "CSSDemo" */ = {
			isa = XCConfigurationList;
			buildConfigurations = (
				66832D3914421450003E413C /* Debug */,
				66832D3A14421450003E413C /* Release */,
			);
			defaultConfigurationIsVisible = 0;
			defaultConfigurationName = Release;
		};
/* End XCConfigurationList section */
	};
	rootObject = 66832D1714421450003E413C /* Project object */;
}
